
Microsoft Visual Studio Solution File, Format Version 12.00
# Visual Studio 15
VisualStudioVersion = 15.0.26730.10
MinimumVisualStudioVersion = 10.0.40219.1

Project("{6EC3EE1D-3C4E-46DD-8F32-0CC8E7565705}") = "Counter", "Counter\Counter.fsproj", "{1A24C904-C46A-4A69-B04D-D6BD9DB4B0AA}"
EndProject

Project("{F2A71F9B-5D33-465A-A702-920D77279786}") = "Counter.Android", "Counter.Android\Counter.Android.fsproj", "{8AF178C3-A557-4CEE-84FC-3BE96AF21CC9}"
EndProject

Project("{F2A71F9B-5D33-465A-A702-920D77279786}") = "Counter.iOS", "Counter.iOS\Counter.iOS.fsproj", "{D2E4CAB1-D85D-42B4-AF24-91E77DD18F22}"
EndProject



Global
	GlobalSection(SolutionConfigurationPlatforms) = preSolution
		Ad-Hoc|Any CPU = Ad-Hoc|Any CPU
		Ad-Hoc|ARM = Ad-Hoc|ARM
		Ad-Hoc|iPhone = Ad-Hoc|iPhone
		Ad-Hoc|iPhoneSimulator = Ad-Hoc|iPhoneSimulator
		Ad-Hoc|x64 = Ad-Hoc|x64
		Ad-Hoc|x86 = Ad-Hoc|x86
		AppStore|Any CPU = AppStore|Any CPU
		AppStore|ARM = AppStore|ARM
		AppStore|iPhone = AppStore|iPhone
		AppStore|iPhoneSimulator = AppStore|iPhoneSimulator
		AppStore|x64 = AppStore|x64
		AppStore|x86 = AppStore|x86
		Debug|Any CPU = Debug|Any CPU
		Debug|ARM = Debug|ARM
		Debug|iPhone = Debug|iPhone
		Debug|iPhoneSimulator = Debug|iPhoneSimulator
		Debug|x64 = Debug|x64
		Debug|x86 = Debug|x86
		Release|Any CPU = Release|Any CPU
		Release|ARM = Release|ARM
		Release|iPhone = Release|iPhone
		Release|iPhoneSimulator = Release|iPhoneSimulator
		Release|x64 = Release|x64
		Release|x86 = Release|x86
	EndGlobalSection
	GlobalSection(ProjectConfigurationPlatforms) = postSolution
		{1A24C904-C46A-4A69-B04D-D6BD9DB4B0AA}.Ad-Hoc|Any CPU.ActiveCfg = Debug|Any CPU
		{1A24C904-C46A-4A69-B04D-D6BD9DB4B0AA}.Ad-Hoc|Any CPU.Build.0 = Debug|Any CPU
		{1A24C904-C46A-4A69-B04D-D6BD9DB4B0AA}.Ad-Hoc|ARM.ActiveCfg = Debug|Any CPU
		{1A24C904-C46A-4A69-B04D-D6BD9DB4B0AA}.Ad-Hoc|ARM.Build.0 = Debug|Any CPU
		{1A24C904-C46A-4A69-B04D-D6BD9DB4B0AA}.Ad-Hoc|iPhone.ActiveCfg = Debug|Any CPU
		{1A24C904-C46A-4A69-B04D-D6BD9DB4B0AA}.Ad-Hoc|iPhone.Build.0 = Debug|Any CPU
		{1A24C904-C46A-4A69-B04D-D6BD9DB4B0AA}.Ad-Hoc|iPhoneSimulator.ActiveCfg = Debug|Any CPU
		{1A24C904-C46A-4A69-B04D-D6BD9DB4B0AA}.Ad-Hoc|iPhoneSimulator.Build.0 = Debug|Any CPU
		{1A24C904-C46A-4A69-B04D-D6BD9DB4B0AA}.Ad-Hoc|x64.ActiveCfg = Debug|Any CPU
		{1A24C904-C46A-4A69-B04D-D6BD9DB4B0AA}.Ad-Hoc|x64.Build.0 = Debug|Any CPU
		{1A24C904-C46A-4A69-B04D-D6BD9DB4B0AA}.Ad-Hoc|x86.ActiveCfg = Debug|Any CPU
		{1A24C904-C46A-4A69-B04D-D6BD9DB4B0AA}.Ad-Hoc|x86.Build.0 = Debug|Any CPU
		{1A24C904-C46A-4A69-B04D-D6BD9DB4B0AA}.AppStore|Any CPU.ActiveCfg = Debug|Any CPU
		{1A24C904-C46A-4A69-B04D-D6BD9DB4B0AA}.AppStore|Any CPU.Build.0 = Debug|Any CPU
		{1A24C904-C46A-4A69-B04D-D6BD9DB4B0AA}.AppStore|ARM.ActiveCfg = Debug|Any CPU
		{1A24C904-C46A-4A69-B04D-D6BD9DB4B0AA}.AppStore|ARM.Build.0 = Debug|Any CPU
		{1A24C904-C46A-4A69-B04D-D6BD9DB4B0AA}.AppStore|iPhone.ActiveCfg = Debug|Any CPU
		{1A24C904-C46A-4A69-B04D-D6BD9DB4B0AA}.AppStore|iPhone.Build.0 = Debug|Any CPU
		{1A24C904-C46A-4A69-B04D-D6BD9DB4B0AA}.AppStore|iPhoneSimulator.ActiveCfg = Debug|Any CPU
		{1A24C904-C46A-4A69-B04D-D6BD9DB4B0AA}.AppStore|iPhoneSimulator.Build.0 = Debug|Any CPU
		{1A24C904-C46A-4A69-B04D-D6BD9DB4B0AA}.AppStore|x64.ActiveCfg = Debug|Any CPU
		{1A24C904-C46A-4A69-B04D-D6BD9DB4B0AA}.AppStore|x64.Build.0 = Debug|Any CPU
		{1A24C904-C46A-4A69-B04D-D6BD9DB4B0AA}.AppStore|x86.ActiveCfg = Debug|Any CPU
		{1A24C904-C46A-4A69-B04D-D6BD9DB4B0AA}.AppStore|x86.Build.0 = Debug|Any CPU
		{1A24C904-C46A-4A69-B04D-D6BD9DB4B0AA}.Debug|Any CPU.ActiveCfg = Debug|Any CPU
		{1A24C904-C46A-4A69-B04D-D6BD9DB4B0AA}.Debug|Any CPU.Build.0 = Debug|Any CPU
		{1A24C904-C46A-4A69-B04D-D6BD9DB4B0AA}.Debug|ARM.ActiveCfg = Debug|Any CPU
		{1A24C904-C46A-4A69-B04D-D6BD9DB4B0AA}.Debug|ARM.Build.0 = Debug|Any CPU
		{1A24C904-C46A-4A69-B04D-D6BD9DB4B0AA}.Debug|iPhone.ActiveCfg = Debug|Any CPU
		{1A24C904-C46A-4A69-B04D-D6BD9DB4B0AA}.Debug|iPhone.Build.0 = Debug|Any CPU
		{1A24C904-C46A-4A69-B04D-D6BD9DB4B0AA}.Debug|iPhoneSimulator.ActiveCfg = Debug|Any CPU
		{1A24C904-C46A-4A69-B04D-D6BD9DB4B0AA}.Debug|iPhoneSimulator.Build.0 = Debug|Any CPU
		{1A24C904-C46A-4A69-B04D-D6BD9DB4B0AA}.Debug|x64.ActiveCfg = Debug|Any CPU
		{1A24C904-C46A-4A69-B04D-D6BD9DB4B0AA}.Debug|x64.Build.0 = Debug|Any CPU
		{1A24C904-C46A-4A69-B04D-D6BD9DB4B0AA}.Debug|x86.ActiveCfg = Debug|Any CPU
		{1A24C904-C46A-4A69-B04D-D6BD9DB4B0AA}.Debug|x86.Build.0 = Debug|Any CPU
		{1A24C904-C46A-4A69-B04D-D6BD9DB4B0AA}.Release|Any CPU.ActiveCfg = Release|Any CPU
		{1A24C904-C46A-4A69-B04D-D6BD9DB4B0AA}.Release|Any CPU.Build.0 = Release|Any CPU
		{1A24C904-C46A-4A69-B04D-D6BD9DB4B0AA}.Release|ARM.ActiveCfg = Release|Any CPU
		{1A24C904-C46A-4A69-B04D-D6BD9DB4B0AA}.Release|ARM.Build.0 = Release|Any CPU
		{1A24C904-C46A-4A69-B04D-D6BD9DB4B0AA}.Release|iPhone.ActiveCfg = Release|Any CPU
		{1A24C904-C46A-4A69-B04D-D6BD9DB4B0AA}.Release|iPhone.Build.0 = Release|Any CPU
		{1A24C904-C46A-4A69-B04D-D6BD9DB4B0AA}.Release|iPhoneSimulator.ActiveCfg = Release|Any CPU
		{1A24C904-C46A-4A69-B04D-D6BD9DB4B0AA}.Release|iPhoneSimulator.Build.0 = Release|Any CPU
		{1A24C904-C46A-4A69-B04D-D6BD9DB4B0AA}.Release|x64.ActiveCfg = Release|Any CPU
		{1A24C904-C46A-4A69-B04D-D6BD9DB4B0AA}.Release|x64.Build.0 = Release|Any CPU
		{1A24C904-C46A-4A69-B04D-D6BD9DB4B0AA}.Release|x86.ActiveCfg = Release|Any CPU
		{1A24C904-C46A-4A69-B04D-D6BD9DB4B0AA}.Release|x86.Build.0 = Release|Any CPU
		{D2E4CAB1-D85D-42B4-AF24-91E77DD18F22}.Ad-Hoc|Any CPU.ActiveCfg = Ad-Hoc|iPhone
		{D2E4CAB1-D85D-42B4-AF24-91E77DD18F22}.Ad-Hoc|ARM.ActiveCfg = Ad-Hoc|iPhone
		{D2E4CAB1-D85D-42B4-AF24-91E77DD18F22}.Ad-Hoc|iPhone.ActiveCfg = Ad-Hoc|iPhone
		{D2E4CAB1-D85D-42B4-AF24-91E77DD18F22}.Ad-Hoc|iPhone.Build.0 = Ad-Hoc|iPhone
		{D2E4CAB1-D85D-42B4-AF24-91E77DD18F22}.Ad-Hoc|iPhoneSimulator.ActiveCfg = Ad-Hoc|iPhoneSimulator
		{D2E4CAB1-D85D-42B4-AF24-91E77DD18F22}.Ad-Hoc|iPhoneSimulator.Build.0 = Ad-Hoc|iPhoneSimulator
		{D2E4CAB1-D85D-42B4-AF24-91E77DD18F22}.Ad-Hoc|x64.ActiveCfg = Ad-Hoc|iPhone
		{D2E4CAB1-D85D-42B4-AF24-91E77DD18F22}.Ad-Hoc|x86.ActiveCfg = Ad-Hoc|iPhone
		{D2E4CAB1-D85D-42B4-AF24-91E77DD18F22}.AppStore|Any CPU.ActiveCfg = AppStore|iPhone
		{D2E4CAB1-D85D-42B4-AF24-91E77DD18F22}.AppStore|ARM.ActiveCfg = AppStore|iPhone
		{D2E4CAB1-D85D-42B4-AF24-91E77DD18F22}.AppStore|iPhone.ActiveCfg = AppStore|iPhone
		{D2E4CAB1-D85D-42B4-AF24-91E77DD18F22}.AppStore|iPhone.Build.0 = AppStore|iPhone
		{D2E4CAB1-D85D-42B4-AF24-91E77DD18F22}.AppStore|iPhoneSimulator.ActiveCfg = AppStore|iPhoneSimulator
		{D2E4CAB1-D85D-42B4-AF24-91E77DD18F22}.AppStore|iPhoneSimulator.Build.0 = AppStore|iPhoneSimulator
		{D2E4CAB1-D85D-42B4-AF24-91E77DD18F22}.AppStore|x64.ActiveCfg = AppStore|iPhone
		{D2E4CAB1-D85D-42B4-AF24-91E77DD18F22}.AppStore|x86.ActiveCfg = AppStore|iPhone
		{D2E4CAB1-D85D-42B4-AF24-91E77DD18F22}.Debug|Any CPU.ActiveCfg = Debug|iPhone
		{D2E4CAB1-D85D-42B4-AF24-91E77DD18F22}.Debug|ARM.ActiveCfg = Debug|iPhone
		{D2E4CAB1-D85D-42B4-AF24-91E77DD18F22}.Debug|iPhone.ActiveCfg = Debug|iPhone
		{D2E4CAB1-D85D-42B4-AF24-91E77DD18F22}.Debug|iPhone.Build.0 = Debug|iPhone
		{D2E4CAB1-D85D-42B4-AF24-91E77DD18F22}.Debug|iPhoneSimulator.ActiveCfg = Debug|iPhoneSimulator
		{D2E4CAB1-D85D-42B4-AF24-91E77DD18F22}.Debug|iPhoneSimulator.Build.0 = Debug|iPhoneSimulator
		{D2E4CAB1-D85D-42B4-AF24-91E77DD18F22}.Debug|x64.ActiveCfg = Debug|iPhone
		{D2E4CAB1-D85D-42B4-AF24-91E77DD18F22}.Debug|x86.ActiveCfg = Debug|iPhone
		{D2E4CAB1-D85D-42B4-AF24-91E77DD18F22}.Release|Any CPU.ActiveCfg = Release|iPhone
		{D2E4CAB1-D85D-42B4-AF24-91E77DD18F22}.Release|ARM.ActiveCfg = Release|iPhone
		{D2E4CAB1-D85D-42B4-AF24-91E77DD18F22}.Release|iPhone.ActiveCfg = Release|iPhone
		{D2E4CAB1-D85D-42B4-AF24-91E77DD18F22}.Release|iPhone.Build.0 = Release|iPhone
		{D2E4CAB1-D85D-42B4-AF24-91E77DD18F22}.Release|iPhoneSimulator.ActiveCfg = Release|iPhoneSimulator
		{D2E4CAB1-D85D-42B4-AF24-91E77DD18F22}.Release|iPhoneSimulator.Build.0 = Release|iPhoneSimulator
		{D2E4CAB1-D85D-42B4-AF24-91E77DD18F22}.Release|x64.ActiveCfg = Release|iPhone
		{D2E4CAB1-D85D-42B4-AF24-91E77DD18F22}.Release|x86.ActiveCfg = Release|iPhone
		{0025FCF6-D76F-41DC-B3EA-5C651C4884CE}.Ad-Hoc|Any CPU.ActiveCfg = Release|x86
		{0025FCF6-D76F-41DC-B3EA-5C651C4884CE}.Ad-Hoc|Any CPU.Build.0 = Release|x86
		{0025FCF6-D76F-41DC-B3EA-5C651C4884CE}.Ad-Hoc|Any CPU.Deploy.0 = Release|x86
		{0025FCF6-D76F-41DC-B3EA-5C651C4884CE}.Ad-Hoc|ARM.ActiveCfg = Release|ARM
		{0025FCF6-D76F-41DC-B3EA-5C651C4884CE}.Ad-Hoc|ARM.Build.0 = Release|ARM
		{0025FCF6-D76F-41DC-B3EA-5C651C4884CE}.Ad-Hoc|ARM.Deploy.0 = Release|ARM
		{0025FCF6-D76F-41DC-B3EA-5C651C4884CE}.Ad-Hoc|iPhone.ActiveCfg = Release|x86
		{0025FCF6-D76F-41DC-B3EA-5C651C4884CE}.Ad-Hoc|iPhone.Build.0 = Release|x86
		{0025FCF6-D76F-41DC-B3EA-5C651C4884CE}.Ad-Hoc|iPhone.Deploy.0 = Release|x86
		{0025FCF6-D76F-41DC-B3EA-5C651C4884CE}.Ad-Hoc|iPhoneSimulator.ActiveCfg = Release|x86
		{0025FCF6-D76F-41DC-B3EA-5C651C4884CE}.Ad-Hoc|iPhoneSimulator.Build.0 = Release|x86
		{0025FCF6-D76F-41DC-B3EA-5C651C4884CE}.Ad-Hoc|iPhoneSimulator.Deploy.0 = Release|x86
		{0025FCF6-D76F-41DC-B3EA-5C651C4884CE}.Ad-Hoc|x64.ActiveCfg = Release|x64
		{0025FCF6-D76F-41DC-B3EA-5C651C4884CE}.Ad-Hoc|x64.Build.0 = Release|x64
		{0025FCF6-D76F-41DC-B3EA-5C651C4884CE}.Ad-Hoc|x64.Deploy.0 = Release|x64
		{0025FCF6-D76F-41DC-B3EA-5C651C4884CE}.Ad-Hoc|x86.ActiveCfg = Release|x86
		{0025FCF6-D76F-41DC-B3EA-5C651C4884CE}.Ad-Hoc|x86.Build.0 = Release|x86
		{0025FCF6-D76F-41DC-B3EA-5C651C4884CE}.Ad-Hoc|x86.Deploy.0 = Release|x86
		{0025FCF6-D76F-41DC-B3EA-5C651C4884CE}.AppStore|Any CPU.ActiveCfg = Release|x86
		{0025FCF6-D76F-41DC-B3EA-5C651C4884CE}.AppStore|Any CPU.Build.0 = Release|x86
		{0025FCF6-D76F-41DC-B3EA-5C651C4884CE}.AppStore|Any CPU.Deploy.0 = Release|x86
		{0025FCF6-D76F-41DC-B3EA-5C651C4884CE}.AppStore|ARM.ActiveCfg = Release|ARM
		{0025FCF6-D76F-41DC-B3EA-5C651C4884CE}.AppStore|ARM.Build.0 = Release|ARM
		{0025FCF6-D76F-41DC-B3EA-5C651C4884CE}.AppStore|ARM.Deploy.0 = Release|ARM
		{0025FCF6-D76F-41DC-B3EA-5C651C4884CE}.AppStore|iPhone.ActiveCfg = Release|x86
		{0025FCF6-D76F-41DC-B3EA-5C651C4884CE}.AppStore|iPhone.Build.0 = Release|x86
		{0025FCF6-D76F-41DC-B3EA-5C651C4884CE}.AppStore|iPhone.Deploy.0 = Release|x86
		{0025FCF6-D76F-41DC-B3EA-5C651C4884CE}.AppStore|iPhoneSimulator.ActiveCfg = Release|x86
		{0025FCF6-D76F-41DC-B3EA-5C651C4884CE}.AppStore|iPhoneSimulator.Build.0 = Release|x86
		{0025FCF6-D76F-41DC-B3EA-5C651C4884CE}.AppStore|iPhoneSimulator.Deploy.0 = Release|x86
		{0025FCF6-D76F-41DC-B3EA-5C651C4884CE}.AppStore|x64.ActiveCfg = Release|x64
		{0025FCF6-D76F-41DC-B3EA-5C651C4884CE}.AppStore|x64.Build.0 = Release|x64
		{0025FCF6-D76F-41DC-B3EA-5C651C4884CE}.AppStore|x64.Deploy.0 = Release|x64
		{0025FCF6-D76F-41DC-B3EA-5C651C4884CE}.AppStore|x86.ActiveCfg = Release|x86
		{0025FCF6-D76F-41DC-B3EA-5C651C4884CE}.AppStore|x86.Build.0 = Release|x86
		{0025FCF6-D76F-41DC-B3EA-5C651C4884CE}.AppStore|x86.Deploy.0 = Release|x86
		{0025FCF6-D76F-41DC-B3EA-5C651C4884CE}.Debug|Any CPU.ActiveCfg = Debug|x86
		{0025FCF6-D76F-41DC-B3EA-5C651C4884CE}.Debug|ARM.ActiveCfg = Debug|ARM
		{0025FCF6-D76F-41DC-B3EA-5C651C4884CE}.Debug|ARM.Build.0 = Debug|ARM
		{0025FCF6-D76F-41DC-B3EA-5C651C4884CE}.Debug|ARM.Deploy.0 = Debug|ARM
		{0025FCF6-D76F-41DC-B3EA-5C651C4884CE}.Debug|iPhone.ActiveCfg = Debug|x86
		{0025FCF6-D76F-41DC-B3EA-5C651C4884CE}.Debug|iPhoneSimulator.ActiveCfg = Debug|x86
		{0025FCF6-D76F-41DC-B3EA-5C651C4884CE}.Debug|x64.ActiveCfg = Debug|x64
		{0025FCF6-D76F-41DC-B3EA-5C651C4884CE}.Debug|x64.Build.0 = Debug|x64
		{0025FCF6-D76F-41DC-B3EA-5C651C4884CE}.Debug|x64.Deploy.0 = Debug|x64
		{0025FCF6-D76F-41DC-B3EA-5C651C4884CE}.Debug|x86.ActiveCfg = Debug|x86
		{0025FCF6-D76F-41DC-B3EA-5C651C4884CE}.Debug|x86.Build.0 = Debug|x86
		{0025FCF6-D76F-41DC-B3EA-5C651C4884CE}.Debug|x86.Deploy.0 = Debug|x86
		{0025FCF6-D76F-41DC-B3EA-5C651C4884CE}.Release|Any CPU.ActiveCfg = Release|x86
		{0025FCF6-D76F-41DC-B3EA-5C651C4884CE}.Release|ARM.ActiveCfg = Release|ARM
		{0025FCF6-D76F-41DC-B3EA-5C651C4884CE}.Release|ARM.Build.0 = Release|ARM
		{0025FCF6-D76F-41DC-B3EA-5C651C4884CE}.Release|ARM.Deploy.0 = Release|ARM
		{0025FCF6-D76F-41DC-B3EA-5C651C4884CE}.Release|iPhone.ActiveCfg = Release|x86
		{0025FCF6-D76F-41DC-B3EA-5C651C4884CE}.Release|iPhoneSimulator.ActiveCfg = Release|x86
		{0025FCF6-D76F-41DC-B3EA-5C651C4884CE}.Release|x64.ActiveCfg = Release|x64
		{0025FCF6-D76F-41DC-B3EA-5C651C4884CE}.Release|x64.Build.0 = Release|x64
		{0025FCF6-D76F-41DC-B3EA-5C651C4884CE}.Release|x64.Deploy.0 = Release|x64
		{0025FCF6-D76F-41DC-B3EA-5C651C4884CE}.Release|x86.ActiveCfg = Release|x86
		{0025FCF6-D76F-41DC-B3EA-5C651C4884CE}.Release|x86.Build.0 = Release|x86
		{0025FCF6-D76F-41DC-B3EA-5C651C4884CE}.Release|x86.Deploy.0 = Release|x86
		{7EC5533C-1ED5-48DA-A18E-98B78D59C44B}.Ad-Hoc|Any CPU.ActiveCfg = Release|Any CPU
		{7EC5533C-1ED5-48DA-A18E-98B78D59C44B}.Ad-Hoc|Any CPU.Build.0 = Release|Any CPU
		{7EC5533C-1ED5-48DA-A18E-98B78D59C44B}.Ad-Hoc|ARM.ActiveCfg = Release|Any CPU
		{7EC5533C-1ED5-48DA-A18E-98B78D59C44B}.Ad-Hoc|ARM.Build.0 = Release|Any CPU
		{7EC5533C-1ED5-48DA-A18E-98B78D59C44B}.Ad-Hoc|iPhone.ActiveCfg = Release|Any CPU
		{7EC5533C-1ED5-48DA-A18E-98B78D59C44B}.Ad-Hoc|iPhone.Build.0 = Release|Any CPU
		{7EC5533C-1ED5-48DA-A18E-98B78D59C44B}.Ad-Hoc|iPhoneSimulator.ActiveCfg = Release|Any CPU
		{7EC5533C-1ED5-48DA-A18E-98B78D59C44B}.Ad-Hoc|iPhoneSimulator.Build.0 = Release|Any CPU
		{7EC5533C-1ED5-48DA-A18E-98B78D59C44B}.Ad-Hoc|x64.ActiveCfg = Release|Any CPU
		{7EC5533C-1ED5-48DA-A18E-98B78D59C44B}.Ad-Hoc|x64.Build.0 = Release|Any CPU
		{7EC5533C-1ED5-48DA-A18E-98B78D59C44B}.Ad-Hoc|x86.ActiveCfg = Release|Any CPU
		{7EC5533C-1ED5-48DA-A18E-98B78D59C44B}.Ad-Hoc|x86.Build.0 = Release|Any CPU
		{7EC5533C-1ED5-48DA-A18E-98B78D59C44B}.AppStore|Any CPU.ActiveCfg = Release|Any CPU
		{7EC5533C-1ED5-48DA-A18E-98B78D59C44B}.AppStore|Any CPU.Build.0 = Release|Any CPU
		{7EC5533C-1ED5-48DA-A18E-98B78D59C44B}.AppStore|ARM.ActiveCfg = Release|Any CPU
		{7EC5533C-1ED5-48DA-A18E-98B78D59C44B}.AppStore|ARM.Build.0 = Release|Any CPU
		{7EC5533C-1ED5-48DA-A18E-98B78D59C44B}.AppStore|iPhone.ActiveCfg = Release|Any CPU
		{7EC5533C-1ED5-48DA-A18E-98B78D59C44B}.AppStore|iPhone.Build.0 = Release|Any CPU
		{7EC5533C-1ED5-48DA-A18E-98B78D59C44B}.AppStore|iPhoneSimulator.ActiveCfg = Release|Any CPU
		{7EC5533C-1ED5-48DA-A18E-98B78D59C44B}.AppStore|iPhoneSimulator.Build.0 = Release|Any CPU
		{7EC5533C-1ED5-48DA-A18E-98B78D59C44B}.AppStore|x64.ActiveCfg = Release|Any CPU
		{7EC5533C-1ED5-48DA-A18E-98B78D59C44B}.AppStore|x64.Build.0 = Release|Any CPU
		{7EC5533C-1ED5-48DA-A18E-98B78D59C44B}.AppStore|x86.ActiveCfg = Release|Any CPU
		{7EC5533C-1ED5-48DA-A18E-98B78D59C44B}.AppStore|x86.Build.0 = Release|Any CPU
		{7EC5533C-1ED5-48DA-A18E-98B78D59C44B}.Debug|Any CPU.ActiveCfg = Debug|Any CPU
		{7EC5533C-1ED5-48DA-A18E-98B78D59C44B}.Debug|Any CPU.Build.0 = Debug|Any CPU
		{7EC5533C-1ED5-48DA-A18E-98B78D59C44B}.Debug|ARM.ActiveCfg = Debug|Any CPU
		{7EC5533C-1ED5-48DA-A18E-98B78D59C44B}.Debug|ARM.Build.0 = Debug|Any CPU
		{7EC5533C-1ED5-48DA-A18E-98B78D59C44B}.Debug|iPhone.ActiveCfg = Debug|Any CPU
		{7EC5533C-1ED5-48DA-A18E-98B78D59C44B}.Debug|iPhone.Build.0 = Debug|Any CPU
		{7EC5533C-1ED5-48DA-A18E-98B78D59C44B}.Debug|iPhoneSimulator.ActiveCfg = Debug|Any CPU
		{7EC5533C-1ED5-48DA-A18E-98B78D59C44B}.Debug|iPhoneSimulator.Build.0 = Debug|Any CPU
		{7EC5533C-1ED5-48DA-A18E-98B78D59C44B}.Debug|x64.ActiveCfg = Debug|Any CPU
		{7EC5533C-1ED5-48DA-A18E-98B78D59C44B}.Debug|x64.Build.0 = Debug|Any CPU
		{7EC5533C-1ED5-48DA-A18E-98B78D59C44B}.Debug|x86.ActiveCfg = Debug|Any CPU
		{7EC5533C-1ED5-48DA-A18E-98B78D59C44B}.Debug|x86.Build.0 = Debug|Any CPU
		{7EC5533C-1ED5-48DA-A18E-98B78D59C44B}.Release|Any CPU.ActiveCfg = Release|Any CPU
		{7EC5533C-1ED5-48DA-A18E-98B78D59C44B}.Release|Any CPU.Build.0 = Release|Any CPU
		{7EC5533C-1ED5-48DA-A18E-98B78D59C44B}.Release|ARM.ActiveCfg = Release|Any CPU
		{7EC5533C-1ED5-48DA-A18E-98B78D59C44B}.Release|ARM.Build.0 = Release|Any CPU
		{7EC5533C-1ED5-48DA-A18E-98B78D59C44B}.Release|iPhone.ActiveCfg = Release|Any CPU
		{7EC5533C-1ED5-48DA-A18E-98B78D59C44B}.Release|iPhone.Build.0 = Release|Any CPU
		{7EC5533C-1ED5-48DA-A18E-98B78D59C44B}.Release|iPhoneSimulator.ActiveCfg = Release|Any CPU
		{7EC5533C-1ED5-48DA-A18E-98B78D59C44B}.Release|iPhoneSimulator.Build.0 = Release|Any CPU
		{7EC5533C-1ED5-48DA-A18E-98B78D59C44B}.Release|x64.ActiveCfg = Release|Any CPU
		{7EC5533C-1ED5-48DA-A18E-98B78D59C44B}.Release|x64.Build.0 = Release|Any CPU
		{7EC5533C-1ED5-48DA-A18E-98B78D59C44B}.Release|x86.ActiveCfg = Release|Any CPU
		{7EC5533C-1ED5-48DA-A18E-98B78D59C44B}.Release|x86.Build.0 = Release|Any CPU
		{8AF178C3-A557-4CEE-84FC-3BE96AF21CC9}.Ad-Hoc|Any CPU.ActiveCfg = Release|Any CPU
		{8AF178C3-A557-4CEE-84FC-3BE96AF21CC9}.Ad-Hoc|Any CPU.Build.0 = Release|Any CPU
		{8AF178C3-A557-4CEE-84FC-3BE96AF21CC9}.Ad-Hoc|ARM.ActiveCfg = Release|Any CPU
		{8AF178C3-A557-4CEE-84FC-3BE96AF21CC9}.Ad-Hoc|ARM.Build.0 = Release|Any CPU
		{8AF178C3-A557-4CEE-84FC-3BE96AF21CC9}.Ad-Hoc|iPhone.ActiveCfg = Release|Any CPU
		{8AF178C3-A557-4CEE-84FC-3BE96AF21CC9}.Ad-Hoc|iPhone.Build.0 = Release|Any CPU
		{8AF178C3-A557-4CEE-84FC-3BE96AF21CC9}.Ad-Hoc|iPhoneSimulator.ActiveCfg = Release|Any CPU
		{8AF178C3-A557-4CEE-84FC-3BE96AF21CC9}.Ad-Hoc|iPhoneSimulator.Build.0 = Release|Any CPU
		{8AF178C3-A557-4CEE-84FC-3BE96AF21CC9}.Ad-Hoc|x64.ActiveCfg = Release|Any CPU
		{8AF178C3-A557-4CEE-84FC-3BE96AF21CC9}.Ad-Hoc|x64.Build.0 = Release|Any CPU
		{8AF178C3-A557-4CEE-84FC-3BE96AF21CC9}.Ad-Hoc|x86.ActiveCfg = Release|Any CPU
		{8AF178C3-A557-4CEE-84FC-3BE96AF21CC9}.Ad-Hoc|x86.Build.0 = Release|Any CPU
		{8AF178C3-A557-4CEE-84FC-3BE96AF21CC9}.AppStore|Any CPU.ActiveCfg = Release|Any CPU
		{8AF178C3-A557-4CEE-84FC-3BE96AF21CC9}.AppStore|Any CPU.Build.0 = Release|Any CPU
		{8AF178C3-A557-4CEE-84FC-3BE96AF21CC9}.AppStore|ARM.ActiveCfg = Release|Any CPU
		{8AF178C3-A557-4CEE-84FC-3BE96AF21CC9}.AppStore|ARM.Build.0 = Release|Any CPU
		{8AF178C3-A557-4CEE-84FC-3BE96AF21CC9}.AppStore|iPhone.ActiveCfg = Release|Any CPU
		{8AF178C3-A557-4CEE-84FC-3BE96AF21CC9}.AppStore|iPhone.Build.0 = Release|Any CPU
		{8AF178C3-A557-4CEE-84FC-3BE96AF21CC9}.AppStore|iPhoneSimulator.ActiveCfg = Release|Any CPU
		{8AF178C3-A557-4CEE-84FC-3BE96AF21CC9}.AppStore|iPhoneSimulator.Build.0 = Release|Any CPU
		{8AF178C3-A557-4CEE-84FC-3BE96AF21CC9}.AppStore|x64.ActiveCfg = Release|Any CPU
		{8AF178C3-A557-4CEE-84FC-3BE96AF21CC9}.AppStore|x64.Build.0 = Release|Any CPU
		{8AF178C3-A557-4CEE-84FC-3BE96AF21CC9}.AppStore|x86.ActiveCfg = Release|Any CPU
		{8AF178C3-A557-4CEE-84FC-3BE96AF21CC9}.AppStore|x86.Build.0 = Release|Any CPU
		{8AF178C3-A557-4CEE-84FC-3BE96AF21CC9}.Debug|Any CPU.ActiveCfg = Debug|Any CPU
		{8AF178C3-A557-4CEE-84FC-3BE96AF21CC9}.Debug|Any CPU.Build.0 = Debug|Any CPU
		{8AF178C3-A557-4CEE-84FC-3BE96AF21CC9}.Debug|Any CPU.Deploy.0 = Debug|Any CPU
		{8AF178C3-A557-4CEE-84FC-3BE96AF21CC9}.Debug|ARM.ActiveCfg = Debug|Any CPU
		{8AF178C3-A557-4CEE-84FC-3BE96AF21CC9}.Debug|ARM.Build.0 = Debug|Any CPU
		{8AF178C3-A557-4CEE-84FC-3BE96AF21CC9}.Debug|iPhone.ActiveCfg = Debug|Any CPU
		{8AF178C3-A557-4CEE-84FC-3BE96AF21CC9}.Debug|iPhone.Build.0 = Debug|Any CPU
		{8AF178C3-A557-4CEE-84FC-3BE96AF21CC9}.Debug|iPhoneSimulator.ActiveCfg = Debug|Any CPU
		{8AF178C3-A557-4CEE-84FC-3BE96AF21CC9}.Debug|iPhoneSimulator.Build.0 = Debug|Any CPU
		{8AF178C3-A557-4CEE-84FC-3BE96AF21CC9}.Debug|x64.ActiveCfg = Debug|Any CPU
		{8AF178C3-A557-4CEE-84FC-3BE96AF21CC9}.Debug|x64.Build.0 = Debug|Any CPU
		{8AF178C3-A557-4CEE-84FC-3BE96AF21CC9}.Debug|x86.ActiveCfg = Debug|Any CPU
		{8AF178C3-A557-4CEE-84FC-3BE96AF21CC9}.Debug|x86.Build.0 = Debug|Any CPU
		{8AF178C3-A557-4CEE-84FC-3BE96AF21CC9}.Release|Any CPU.ActiveCfg = Release|Any CPU
		{8AF178C3-A557-4CEE-84FC-3BE96AF21CC9}.Release|Any CPU.Build.0 = Release|Any CPU
		{8AF178C3-A557-4CEE-84FC-3BE96AF21CC9}.Release|Any CPU.Deploy.0 = Release|Any CPU
		{8AF178C3-A557-4CEE-84FC-3BE96AF21CC9}.Release|ARM.ActiveCfg = Release|Any CPU
		{8AF178C3-A557-4CEE-84FC-3BE96AF21CC9}.Release|ARM.Build.0 = Release|Any CPU
		{8AF178C3-A557-4CEE-84FC-3BE96AF21CC9}.Release|iPhone.ActiveCfg = Release|Any CPU
		{8AF178C3-A557-4CEE-84FC-3BE96AF21CC9}.Release|iPhone.Build.0 = Release|Any CPU
		{8AF178C3-A557-4CEE-84FC-3BE96AF21CC9}.Release|iPhoneSimulator.ActiveCfg = Release|Any CPU
		{8AF178C3-A557-4CEE-84FC-3BE96AF21CC9}.Release|iPhoneSimulator.Build.0 = Release|Any CPU
		{8AF178C3-A557-4CEE-84FC-3BE96AF21CC9}.Release|x64.ActiveCfg = Release|Any CPU
		{8AF178C3-A557-4CEE-84FC-3BE96AF21CC9}.Release|x64.Build.0 = Release|Any CPU
		{8AF178C3-A557-4CEE-84FC-3BE96AF21CC9}.Release|x86.ActiveCfg = Release|Any CPU
		{8AF178C3-A557-4CEE-84FC-3BE96AF21CC9}.Release|x86.Build.0 = Release|Any CPU
	EndGlobalSection
	GlobalSection(SolutionProperties) = preSolution
		HideSolutionNode = FALSE
	EndGlobalSection
	GlobalSection(ExtensibilityGlobals) = postSolution
		SolutionGuid = {F6D05029-56B8-4E45-AF2D-0E76295DDBA2}
	EndGlobalSection
EndGlobal
