
Microsoft Visual Studio Solution File, Format Version 12.00
# Visual Studio 15
VisualStudioVersion = 15.0.26730.10
MinimumVisualStudioVersion = 10.0.40219.1

Project("{6EC3EE1D-3C4E-46DD-8F32-0CC8E7565705}") = "FifteenPuzzle", "FifteenPuzzle\FifteenPuzzle.fsproj", "{FD447CD2-F693-4735-BB07-B2936A927AB2}"
EndProject

Project("{F2A71F9B-5D33-465A-A702-920D77279786}") = "FifteenPuzzle.Android", "FifteenPuzzle.Android\FifteenPuzzle.Android.fsproj", "{BD1668AE-4CC2-48EA-8247-09D0978E9C08}"
EndProject

Project("{F2A71F9B-5D33-465A-A702-920D77279786}") = "FifteenPuzzle.iOS", "FifteenPuzzle.iOS\FifteenPuzzle.iOS.fsproj", "{73B31A76-2DD3-44D8-994F-BFB1875C9E27}"
EndProject



Global
	GlobalSection(SolutionConfigurationPlatforms) = preSolution
		Ad-Hoc|Any CPU = Ad-Hoc|Any CPU
		Ad-Hoc|ARM = Ad-Hoc|ARM
		Ad-Hoc|iPhone = Ad-Hoc|iPhone
		Ad-Hoc|iPhoneSimulator = Ad-Hoc|iPhoneSimulator
		Ad-Hoc|x64 = Ad-Hoc|x64
		Ad-Hoc|x86 = Ad-Hoc|x86
		AppStore|Any CPU = AppStore|Any CPU
		AppStore|ARM = AppStore|ARM
		AppStore|iPhone = AppStore|iPhone
		AppStore|iPhoneSimulator = AppStore|iPhoneSimulator
		AppStore|x64 = AppStore|x64
		AppStore|x86 = AppStore|x86
		Debug|Any CPU = Debug|Any CPU
		Debug|ARM = Debug|ARM
		Debug|iPhone = Debug|iPhone
		Debug|iPhoneSimulator = Debug|iPhoneSimulator
		Debug|x64 = Debug|x64
		Debug|x86 = Debug|x86
		Release|Any CPU = Release|Any CPU
		Release|ARM = Release|ARM
		Release|iPhone = Release|iPhone
		Release|iPhoneSimulator = Release|iPhoneSimulator
		Release|x64 = Release|x64
		Release|x86 = Release|x86
	EndGlobalSection
	GlobalSection(ProjectConfigurationPlatforms) = postSolution
		{FD447CD2-F693-4735-BB07-B2936A927AB2}.Ad-Hoc|Any CPU.ActiveCfg = Debug|Any CPU
		{FD447CD2-F693-4735-BB07-B2936A927AB2}.Ad-Hoc|Any CPU.Build.0 = Debug|Any CPU
		{FD447CD2-F693-4735-BB07-B2936A927AB2}.Ad-Hoc|ARM.ActiveCfg = Debug|Any CPU
		{FD447CD2-F693-4735-BB07-B2936A927AB2}.Ad-Hoc|ARM.Build.0 = Debug|Any CPU
		{FD447CD2-F693-4735-BB07-B2936A927AB2}.Ad-Hoc|iPhone.ActiveCfg = Debug|Any CPU
		{FD447CD2-F693-4735-BB07-B2936A927AB2}.Ad-Hoc|iPhone.Build.0 = Debug|Any CPU
		{FD447CD2-F693-4735-BB07-B2936A927AB2}.Ad-Hoc|iPhoneSimulator.ActiveCfg = Debug|Any CPU
		{FD447CD2-F693-4735-BB07-B2936A927AB2}.Ad-Hoc|iPhoneSimulator.Build.0 = Debug|Any CPU
		{FD447CD2-F693-4735-BB07-B2936A927AB2}.Ad-Hoc|x64.ActiveCfg = Debug|Any CPU
		{FD447CD2-F693-4735-BB07-B2936A927AB2}.Ad-Hoc|x64.Build.0 = Debug|Any CPU
		{FD447CD2-F693-4735-BB07-B2936A927AB2}.Ad-Hoc|x86.ActiveCfg = Debug|Any CPU
		{FD447CD2-F693-4735-BB07-B2936A927AB2}.Ad-Hoc|x86.Build.0 = Debug|Any CPU
		{FD447CD2-F693-4735-BB07-B2936A927AB2}.AppStore|Any CPU.ActiveCfg = Debug|Any CPU
		{FD447CD2-F693-4735-BB07-B2936A927AB2}.AppStore|Any CPU.Build.0 = Debug|Any CPU
		{FD447CD2-F693-4735-BB07-B2936A927AB2}.AppStore|ARM.ActiveCfg = Debug|Any CPU
		{FD447CD2-F693-4735-BB07-B2936A927AB2}.AppStore|ARM.Build.0 = Debug|Any CPU
		{FD447CD2-F693-4735-BB07-B2936A927AB2}.AppStore|iPhone.ActiveCfg = Debug|Any CPU
		{FD447CD2-F693-4735-BB07-B2936A927AB2}.AppStore|iPhone.Build.0 = Debug|Any CPU
		{FD447CD2-F693-4735-BB07-B2936A927AB2}.AppStore|iPhoneSimulator.ActiveCfg = Debug|Any CPU
		{FD447CD2-F693-4735-BB07-B2936A927AB2}.AppStore|iPhoneSimulator.Build.0 = Debug|Any CPU
		{FD447CD2-F693-4735-BB07-B2936A927AB2}.AppStore|x64.ActiveCfg = Debug|Any CPU
		{FD447CD2-F693-4735-BB07-B2936A927AB2}.AppStore|x64.Build.0 = Debug|Any CPU
		{FD447CD2-F693-4735-BB07-B2936A927AB2}.AppStore|x86.ActiveCfg = Debug|Any CPU
		{FD447CD2-F693-4735-BB07-B2936A927AB2}.AppStore|x86.Build.0 = Debug|Any CPU
		{FD447CD2-F693-4735-BB07-B2936A927AB2}.Debug|Any CPU.ActiveCfg = Debug|Any CPU
		{FD447CD2-F693-4735-BB07-B2936A927AB2}.Debug|Any CPU.Build.0 = Debug|Any CPU
		{FD447CD2-F693-4735-BB07-B2936A927AB2}.Debug|ARM.ActiveCfg = Debug|Any CPU
		{FD447CD2-F693-4735-BB07-B2936A927AB2}.Debug|ARM.Build.0 = Debug|Any CPU
		{FD447CD2-F693-4735-BB07-B2936A927AB2}.Debug|iPhone.ActiveCfg = Debug|Any CPU
		{FD447CD2-F693-4735-BB07-B2936A927AB2}.Debug|iPhone.Build.0 = Debug|Any CPU
		{FD447CD2-F693-4735-BB07-B2936A927AB2}.Debug|iPhoneSimulator.ActiveCfg = Debug|Any CPU
		{FD447CD2-F693-4735-BB07-B2936A927AB2}.Debug|iPhoneSimulator.Build.0 = Debug|Any CPU
		{FD447CD2-F693-4735-BB07-B2936A927AB2}.Debug|x64.ActiveCfg = Debug|Any CPU
		{FD447CD2-F693-4735-BB07-B2936A927AB2}.Debug|x64.Build.0 = Debug|Any CPU
		{FD447CD2-F693-4735-BB07-B2936A927AB2}.Debug|x86.ActiveCfg = Debug|Any CPU
		{FD447CD2-F693-4735-BB07-B2936A927AB2}.Debug|x86.Build.0 = Debug|Any CPU
		{FD447CD2-F693-4735-BB07-B2936A927AB2}.Release|Any CPU.ActiveCfg = Release|Any CPU
		{FD447CD2-F693-4735-BB07-B2936A927AB2}.Release|Any CPU.Build.0 = Release|Any CPU
		{FD447CD2-F693-4735-BB07-B2936A927AB2}.Release|ARM.ActiveCfg = Release|Any CPU
		{FD447CD2-F693-4735-BB07-B2936A927AB2}.Release|ARM.Build.0 = Release|Any CPU
		{FD447CD2-F693-4735-BB07-B2936A927AB2}.Release|iPhone.ActiveCfg = Release|Any CPU
		{FD447CD2-F693-4735-BB07-B2936A927AB2}.Release|iPhone.Build.0 = Release|Any CPU
		{FD447CD2-F693-4735-BB07-B2936A927AB2}.Release|iPhoneSimulator.ActiveCfg = Release|Any CPU
		{FD447CD2-F693-4735-BB07-B2936A927AB2}.Release|iPhoneSimulator.Build.0 = Release|Any CPU
		{FD447CD2-F693-4735-BB07-B2936A927AB2}.Release|x64.ActiveCfg = Release|Any CPU
		{FD447CD2-F693-4735-BB07-B2936A927AB2}.Release|x64.Build.0 = Release|Any CPU
		{FD447CD2-F693-4735-BB07-B2936A927AB2}.Release|x86.ActiveCfg = Release|Any CPU
		{FD447CD2-F693-4735-BB07-B2936A927AB2}.Release|x86.Build.0 = Release|Any CPU
		{73B31A76-2DD3-44D8-994F-BFB1875C9E27}.Ad-Hoc|Any CPU.ActiveCfg = Ad-Hoc|iPhone
		{73B31A76-2DD3-44D8-994F-BFB1875C9E27}.Ad-Hoc|ARM.ActiveCfg = Ad-Hoc|iPhone
		{73B31A76-2DD3-44D8-994F-BFB1875C9E27}.Ad-Hoc|iPhone.ActiveCfg = Ad-Hoc|iPhone
		{73B31A76-2DD3-44D8-994F-BFB1875C9E27}.Ad-Hoc|iPhone.Build.0 = Ad-Hoc|iPhone
		{73B31A76-2DD3-44D8-994F-BFB1875C9E27}.Ad-Hoc|iPhoneSimulator.ActiveCfg = Ad-Hoc|iPhoneSimulator
		{73B31A76-2DD3-44D8-994F-BFB1875C9E27}.Ad-Hoc|iPhoneSimulator.Build.0 = Ad-Hoc|iPhoneSimulator
		{73B31A76-2DD3-44D8-994F-BFB1875C9E27}.Ad-Hoc|x64.ActiveCfg = Ad-Hoc|iPhone
		{73B31A76-2DD3-44D8-994F-BFB1875C9E27}.Ad-Hoc|x86.ActiveCfg = Ad-Hoc|iPhone
		{73B31A76-2DD3-44D8-994F-BFB1875C9E27}.AppStore|Any CPU.ActiveCfg = AppStore|iPhone
		{73B31A76-2DD3-44D8-994F-BFB1875C9E27}.AppStore|ARM.ActiveCfg = AppStore|iPhone
		{73B31A76-2DD3-44D8-994F-BFB1875C9E27}.AppStore|iPhone.ActiveCfg = AppStore|iPhone
		{73B31A76-2DD3-44D8-994F-BFB1875C9E27}.AppStore|iPhone.Build.0 = AppStore|iPhone
		{73B31A76-2DD3-44D8-994F-BFB1875C9E27}.AppStore|iPhoneSimulator.ActiveCfg = AppStore|iPhoneSimulator
		{73B31A76-2DD3-44D8-994F-BFB1875C9E27}.AppStore|iPhoneSimulator.Build.0 = AppStore|iPhoneSimulator
		{73B31A76-2DD3-44D8-994F-BFB1875C9E27}.AppStore|x64.ActiveCfg = AppStore|iPhone
		{73B31A76-2DD3-44D8-994F-BFB1875C9E27}.AppStore|x86.ActiveCfg = AppStore|iPhone
		{73B31A76-2DD3-44D8-994F-BFB1875C9E27}.Debug|Any CPU.ActiveCfg = Debug|iPhone
		{73B31A76-2DD3-44D8-994F-BFB1875C9E27}.Debug|ARM.ActiveCfg = Debug|iPhone
		{73B31A76-2DD3-44D8-994F-BFB1875C9E27}.Debug|iPhone.ActiveCfg = Debug|iPhone
		{73B31A76-2DD3-44D8-994F-BFB1875C9E27}.Debug|iPhone.Build.0 = Debug|iPhone
		{73B31A76-2DD3-44D8-994F-BFB1875C9E27}.Debug|iPhoneSimulator.ActiveCfg = Debug|iPhoneSimulator
		{73B31A76-2DD3-44D8-994F-BFB1875C9E27}.Debug|iPhoneSimulator.Build.0 = Debug|iPhoneSimulator
		{73B31A76-2DD3-44D8-994F-BFB1875C9E27}.Debug|x64.ActiveCfg = Debug|iPhone
		{73B31A76-2DD3-44D8-994F-BFB1875C9E27}.Debug|x86.ActiveCfg = Debug|iPhone
		{73B31A76-2DD3-44D8-994F-BFB1875C9E27}.Release|Any CPU.ActiveCfg = Release|iPhone
		{73B31A76-2DD3-44D8-994F-BFB1875C9E27}.Release|ARM.ActiveCfg = Release|iPhone
		{73B31A76-2DD3-44D8-994F-BFB1875C9E27}.Release|iPhone.ActiveCfg = Release|iPhone
		{73B31A76-2DD3-44D8-994F-BFB1875C9E27}.Release|iPhone.Build.0 = Release|iPhone
		{73B31A76-2DD3-44D8-994F-BFB1875C9E27}.Release|iPhoneSimulator.ActiveCfg = Release|iPhoneSimulator
		{73B31A76-2DD3-44D8-994F-BFB1875C9E27}.Release|iPhoneSimulator.Build.0 = Release|iPhoneSimulator
		{73B31A76-2DD3-44D8-994F-BFB1875C9E27}.Release|x64.ActiveCfg = Release|iPhone
		{73B31A76-2DD3-44D8-994F-BFB1875C9E27}.Release|x86.ActiveCfg = Release|iPhone
		{B77E3B96-2493-4DC5-94D4-5943EC20A931}.Ad-Hoc|Any CPU.ActiveCfg = Release|x86
		{B77E3B96-2493-4DC5-94D4-5943EC20A931}.Ad-Hoc|Any CPU.Build.0 = Release|x86
		{B77E3B96-2493-4DC5-94D4-5943EC20A931}.Ad-Hoc|Any CPU.Deploy.0 = Release|x86
		{B77E3B96-2493-4DC5-94D4-5943EC20A931}.Ad-Hoc|ARM.ActiveCfg = Release|ARM
		{B77E3B96-2493-4DC5-94D4-5943EC20A931}.Ad-Hoc|ARM.Build.0 = Release|ARM
		{B77E3B96-2493-4DC5-94D4-5943EC20A931}.Ad-Hoc|ARM.Deploy.0 = Release|ARM
		{B77E3B96-2493-4DC5-94D4-5943EC20A931}.Ad-Hoc|iPhone.ActiveCfg = Release|x86
		{B77E3B96-2493-4DC5-94D4-5943EC20A931}.Ad-Hoc|iPhone.Build.0 = Release|x86
		{B77E3B96-2493-4DC5-94D4-5943EC20A931}.Ad-Hoc|iPhone.Deploy.0 = Release|x86
		{B77E3B96-2493-4DC5-94D4-5943EC20A931}.Ad-Hoc|iPhoneSimulator.ActiveCfg = Release|x86
		{B77E3B96-2493-4DC5-94D4-5943EC20A931}.Ad-Hoc|iPhoneSimulator.Build.0 = Release|x86
		{B77E3B96-2493-4DC5-94D4-5943EC20A931}.Ad-Hoc|iPhoneSimulator.Deploy.0 = Release|x86
		{B77E3B96-2493-4DC5-94D4-5943EC20A931}.Ad-Hoc|x64.ActiveCfg = Release|x64
		{B77E3B96-2493-4DC5-94D4-5943EC20A931}.Ad-Hoc|x64.Build.0 = Release|x64
		{B77E3B96-2493-4DC5-94D4-5943EC20A931}.Ad-Hoc|x64.Deploy.0 = Release|x64
		{B77E3B96-2493-4DC5-94D4-5943EC20A931}.Ad-Hoc|x86.ActiveCfg = Release|x86
		{B77E3B96-2493-4DC5-94D4-5943EC20A931}.Ad-Hoc|x86.Build.0 = Release|x86
		{B77E3B96-2493-4DC5-94D4-5943EC20A931}.Ad-Hoc|x86.Deploy.0 = Release|x86
		{B77E3B96-2493-4DC5-94D4-5943EC20A931}.AppStore|Any CPU.ActiveCfg = Release|x86
		{B77E3B96-2493-4DC5-94D4-5943EC20A931}.AppStore|Any CPU.Build.0 = Release|x86
		{B77E3B96-2493-4DC5-94D4-5943EC20A931}.AppStore|Any CPU.Deploy.0 = Release|x86
		{B77E3B96-2493-4DC5-94D4-5943EC20A931}.AppStore|ARM.ActiveCfg = Release|ARM
		{B77E3B96-2493-4DC5-94D4-5943EC20A931}.AppStore|ARM.Build.0 = Release|ARM
		{B77E3B96-2493-4DC5-94D4-5943EC20A931}.AppStore|ARM.Deploy.0 = Release|ARM
		{B77E3B96-2493-4DC5-94D4-5943EC20A931}.AppStore|iPhone.ActiveCfg = Release|x86
		{B77E3B96-2493-4DC5-94D4-5943EC20A931}.AppStore|iPhone.Build.0 = Release|x86
		{B77E3B96-2493-4DC5-94D4-5943EC20A931}.AppStore|iPhone.Deploy.0 = Release|x86
		{B77E3B96-2493-4DC5-94D4-5943EC20A931}.AppStore|iPhoneSimulator.ActiveCfg = Release|x86
		{B77E3B96-2493-4DC5-94D4-5943EC20A931}.AppStore|iPhoneSimulator.Build.0 = Release|x86
		{B77E3B96-2493-4DC5-94D4-5943EC20A931}.AppStore|iPhoneSimulator.Deploy.0 = Release|x86
		{B77E3B96-2493-4DC5-94D4-5943EC20A931}.AppStore|x64.ActiveCfg = Release|x64
		{B77E3B96-2493-4DC5-94D4-5943EC20A931}.AppStore|x64.Build.0 = Release|x64
		{B77E3B96-2493-4DC5-94D4-5943EC20A931}.AppStore|x64.Deploy.0 = Release|x64
		{B77E3B96-2493-4DC5-94D4-5943EC20A931}.AppStore|x86.ActiveCfg = Release|x86
		{B77E3B96-2493-4DC5-94D4-5943EC20A931}.AppStore|x86.Build.0 = Release|x86
		{B77E3B96-2493-4DC5-94D4-5943EC20A931}.AppStore|x86.Deploy.0 = Release|x86
		{B77E3B96-2493-4DC5-94D4-5943EC20A931}.Debug|Any CPU.ActiveCfg = Debug|x86
		{B77E3B96-2493-4DC5-94D4-5943EC20A931}.Debug|ARM.ActiveCfg = Debug|ARM
		{B77E3B96-2493-4DC5-94D4-5943EC20A931}.Debug|ARM.Build.0 = Debug|ARM
		{B77E3B96-2493-4DC5-94D4-5943EC20A931}.Debug|ARM.Deploy.0 = Debug|ARM
		{B77E3B96-2493-4DC5-94D4-5943EC20A931}.Debug|iPhone.ActiveCfg = Debug|x86
		{B77E3B96-2493-4DC5-94D4-5943EC20A931}.Debug|iPhoneSimulator.ActiveCfg = Debug|x86
		{B77E3B96-2493-4DC5-94D4-5943EC20A931}.Debug|x64.ActiveCfg = Debug|x64
		{B77E3B96-2493-4DC5-94D4-5943EC20A931}.Debug|x64.Build.0 = Debug|x64
		{B77E3B96-2493-4DC5-94D4-5943EC20A931}.Debug|x64.Deploy.0 = Debug|x64
		{B77E3B96-2493-4DC5-94D4-5943EC20A931}.Debug|x86.ActiveCfg = Debug|x86
		{B77E3B96-2493-4DC5-94D4-5943EC20A931}.Debug|x86.Build.0 = Debug|x86
		{B77E3B96-2493-4DC5-94D4-5943EC20A931}.Debug|x86.Deploy.0 = Debug|x86
		{B77E3B96-2493-4DC5-94D4-5943EC20A931}.Release|Any CPU.ActiveCfg = Release|x86
		{B77E3B96-2493-4DC5-94D4-5943EC20A931}.Release|ARM.ActiveCfg = Release|ARM
		{B77E3B96-2493-4DC5-94D4-5943EC20A931}.Release|ARM.Build.0 = Release|ARM
		{B77E3B96-2493-4DC5-94D4-5943EC20A931}.Release|ARM.Deploy.0 = Release|ARM
		{B77E3B96-2493-4DC5-94D4-5943EC20A931}.Release|iPhone.ActiveCfg = Release|x86
		{B77E3B96-2493-4DC5-94D4-5943EC20A931}.Release|iPhoneSimulator.ActiveCfg = Release|x86
		{B77E3B96-2493-4DC5-94D4-5943EC20A931}.Release|x64.ActiveCfg = Release|x64
		{B77E3B96-2493-4DC5-94D4-5943EC20A931}.Release|x64.Build.0 = Release|x64
		{B77E3B96-2493-4DC5-94D4-5943EC20A931}.Release|x64.Deploy.0 = Release|x64
		{B77E3B96-2493-4DC5-94D4-5943EC20A931}.Release|x86.ActiveCfg = Release|x86
		{B77E3B96-2493-4DC5-94D4-5943EC20A931}.Release|x86.Build.0 = Release|x86
		{B77E3B96-2493-4DC5-94D4-5943EC20A931}.Release|x86.Deploy.0 = Release|x86
		{01C1151E-C718-4CCF-A2C1-B161E605624A}.Ad-Hoc|Any CPU.ActiveCfg = Release|Any CPU
		{01C1151E-C718-4CCF-A2C1-B161E605624A}.Ad-Hoc|Any CPU.Build.0 = Release|Any CPU
		{01C1151E-C718-4CCF-A2C1-B161E605624A}.Ad-Hoc|ARM.ActiveCfg = Release|Any CPU
		{01C1151E-C718-4CCF-A2C1-B161E605624A}.Ad-Hoc|ARM.Build.0 = Release|Any CPU
		{01C1151E-C718-4CCF-A2C1-B161E605624A}.Ad-Hoc|iPhone.ActiveCfg = Release|Any CPU
		{01C1151E-C718-4CCF-A2C1-B161E605624A}.Ad-Hoc|iPhone.Build.0 = Release|Any CPU
		{01C1151E-C718-4CCF-A2C1-B161E605624A}.Ad-Hoc|iPhoneSimulator.ActiveCfg = Release|Any CPU
		{01C1151E-C718-4CCF-A2C1-B161E605624A}.Ad-Hoc|iPhoneSimulator.Build.0 = Release|Any CPU
		{01C1151E-C718-4CCF-A2C1-B161E605624A}.Ad-Hoc|x64.ActiveCfg = Release|Any CPU
		{01C1151E-C718-4CCF-A2C1-B161E605624A}.Ad-Hoc|x64.Build.0 = Release|Any CPU
		{01C1151E-C718-4CCF-A2C1-B161E605624A}.Ad-Hoc|x86.ActiveCfg = Release|Any CPU
		{01C1151E-C718-4CCF-A2C1-B161E605624A}.Ad-Hoc|x86.Build.0 = Release|Any CPU
		{01C1151E-C718-4CCF-A2C1-B161E605624A}.AppStore|Any CPU.ActiveCfg = Release|Any CPU
		{01C1151E-C718-4CCF-A2C1-B161E605624A}.AppStore|Any CPU.Build.0 = Release|Any CPU
		{01C1151E-C718-4CCF-A2C1-B161E605624A}.AppStore|ARM.ActiveCfg = Release|Any CPU
		{01C1151E-C718-4CCF-A2C1-B161E605624A}.AppStore|ARM.Build.0 = Release|Any CPU
		{01C1151E-C718-4CCF-A2C1-B161E605624A}.AppStore|iPhone.ActiveCfg = Release|Any CPU
		{01C1151E-C718-4CCF-A2C1-B161E605624A}.AppStore|iPhone.Build.0 = Release|Any CPU
		{01C1151E-C718-4CCF-A2C1-B161E605624A}.AppStore|iPhoneSimulator.ActiveCfg = Release|Any CPU
		{01C1151E-C718-4CCF-A2C1-B161E605624A}.AppStore|iPhoneSimulator.Build.0 = Release|Any CPU
		{01C1151E-C718-4CCF-A2C1-B161E605624A}.AppStore|x64.ActiveCfg = Release|Any CPU
		{01C1151E-C718-4CCF-A2C1-B161E605624A}.AppStore|x64.Build.0 = Release|Any CPU
		{01C1151E-C718-4CCF-A2C1-B161E605624A}.AppStore|x86.ActiveCfg = Release|Any CPU
		{01C1151E-C718-4CCF-A2C1-B161E605624A}.AppStore|x86.Build.0 = Release|Any CPU
		{01C1151E-C718-4CCF-A2C1-B161E605624A}.Debug|Any CPU.ActiveCfg = Debug|Any CPU
		{01C1151E-C718-4CCF-A2C1-B161E605624A}.Debug|Any CPU.Build.0 = Debug|Any CPU
		{01C1151E-C718-4CCF-A2C1-B161E605624A}.Debug|ARM.ActiveCfg = Debug|Any CPU
		{01C1151E-C718-4CCF-A2C1-B161E605624A}.Debug|ARM.Build.0 = Debug|Any CPU
		{01C1151E-C718-4CCF-A2C1-B161E605624A}.Debug|iPhone.ActiveCfg = Debug|Any CPU
		{01C1151E-C718-4CCF-A2C1-B161E605624A}.Debug|iPhone.Build.0 = Debug|Any CPU
		{01C1151E-C718-4CCF-A2C1-B161E605624A}.Debug|iPhoneSimulator.ActiveCfg = Debug|Any CPU
		{01C1151E-C718-4CCF-A2C1-B161E605624A}.Debug|iPhoneSimulator.Build.0 = Debug|Any CPU
		{01C1151E-C718-4CCF-A2C1-B161E605624A}.Debug|x64.ActiveCfg = Debug|Any CPU
		{01C1151E-C718-4CCF-A2C1-B161E605624A}.Debug|x64.Build.0 = Debug|Any CPU
		{01C1151E-C718-4CCF-A2C1-B161E605624A}.Debug|x86.ActiveCfg = Debug|Any CPU
		{01C1151E-C718-4CCF-A2C1-B161E605624A}.Debug|x86.Build.0 = Debug|Any CPU
		{01C1151E-C718-4CCF-A2C1-B161E605624A}.Release|Any CPU.ActiveCfg = Release|Any CPU
		{01C1151E-C718-4CCF-A2C1-B161E605624A}.Release|Any CPU.Build.0 = Release|Any CPU
		{01C1151E-C718-4CCF-A2C1-B161E605624A}.Release|ARM.ActiveCfg = Release|Any CPU
		{01C1151E-C718-4CCF-A2C1-B161E605624A}.Release|ARM.Build.0 = Release|Any CPU
		{01C1151E-C718-4CCF-A2C1-B161E605624A}.Release|iPhone.ActiveCfg = Release|Any CPU
		{01C1151E-C718-4CCF-A2C1-B161E605624A}.Release|iPhone.Build.0 = Release|Any CPU
		{01C1151E-C718-4CCF-A2C1-B161E605624A}.Release|iPhoneSimulator.ActiveCfg = Release|Any CPU
		{01C1151E-C718-4CCF-A2C1-B161E605624A}.Release|iPhoneSimulator.Build.0 = Release|Any CPU
		{01C1151E-C718-4CCF-A2C1-B161E605624A}.Release|x64.ActiveCfg = Release|Any CPU
		{01C1151E-C718-4CCF-A2C1-B161E605624A}.Release|x64.Build.0 = Release|Any CPU
		{01C1151E-C718-4CCF-A2C1-B161E605624A}.Release|x86.ActiveCfg = Release|Any CPU
		{01C1151E-C718-4CCF-A2C1-B161E605624A}.Release|x86.Build.0 = Release|Any CPU
		{BD1668AE-4CC2-48EA-8247-09D0978E9C08}.Ad-Hoc|Any CPU.ActiveCfg = Release|Any CPU
		{BD1668AE-4CC2-48EA-8247-09D0978E9C08}.Ad-Hoc|Any CPU.Build.0 = Release|Any CPU
		{BD1668AE-4CC2-48EA-8247-09D0978E9C08}.Ad-Hoc|ARM.ActiveCfg = Release|Any CPU
		{BD1668AE-4CC2-48EA-8247-09D0978E9C08}.Ad-Hoc|ARM.Build.0 = Release|Any CPU
		{BD1668AE-4CC2-48EA-8247-09D0978E9C08}.Ad-Hoc|iPhone.ActiveCfg = Release|Any CPU
		{BD1668AE-4CC2-48EA-8247-09D0978E9C08}.Ad-Hoc|iPhone.Build.0 = Release|Any CPU
		{BD1668AE-4CC2-48EA-8247-09D0978E9C08}.Ad-Hoc|iPhoneSimulator.ActiveCfg = Release|Any CPU
		{BD1668AE-4CC2-48EA-8247-09D0978E9C08}.Ad-Hoc|iPhoneSimulator.Build.0 = Release|Any CPU
		{BD1668AE-4CC2-48EA-8247-09D0978E9C08}.Ad-Hoc|x64.ActiveCfg = Release|Any CPU
		{BD1668AE-4CC2-48EA-8247-09D0978E9C08}.Ad-Hoc|x64.Build.0 = Release|Any CPU
		{BD1668AE-4CC2-48EA-8247-09D0978E9C08}.Ad-Hoc|x86.ActiveCfg = Release|Any CPU
		{BD1668AE-4CC2-48EA-8247-09D0978E9C08}.Ad-Hoc|x86.Build.0 = Release|Any CPU
		{BD1668AE-4CC2-48EA-8247-09D0978E9C08}.AppStore|Any CPU.ActiveCfg = Release|Any CPU
		{BD1668AE-4CC2-48EA-8247-09D0978E9C08}.AppStore|Any CPU.Build.0 = Release|Any CPU
		{BD1668AE-4CC2-48EA-8247-09D0978E9C08}.AppStore|ARM.ActiveCfg = Release|Any CPU
		{BD1668AE-4CC2-48EA-8247-09D0978E9C08}.AppStore|ARM.Build.0 = Release|Any CPU
		{BD1668AE-4CC2-48EA-8247-09D0978E9C08}.AppStore|iPhone.ActiveCfg = Release|Any CPU
		{BD1668AE-4CC2-48EA-8247-09D0978E9C08}.AppStore|iPhone.Build.0 = Release|Any CPU
		{BD1668AE-4CC2-48EA-8247-09D0978E9C08}.AppStore|iPhoneSimulator.ActiveCfg = Release|Any CPU
		{BD1668AE-4CC2-48EA-8247-09D0978E9C08}.AppStore|iPhoneSimulator.Build.0 = Release|Any CPU
		{BD1668AE-4CC2-48EA-8247-09D0978E9C08}.AppStore|x64.ActiveCfg = Release|Any CPU
		{BD1668AE-4CC2-48EA-8247-09D0978E9C08}.AppStore|x64.Build.0 = Release|Any CPU
		{BD1668AE-4CC2-48EA-8247-09D0978E9C08}.AppStore|x86.ActiveCfg = Release|Any CPU
		{BD1668AE-4CC2-48EA-8247-09D0978E9C08}.AppStore|x86.Build.0 = Release|Any CPU
		{BD1668AE-4CC2-48EA-8247-09D0978E9C08}.Debug|Any CPU.ActiveCfg = Debug|Any CPU
		{BD1668AE-4CC2-48EA-8247-09D0978E9C08}.Debug|Any CPU.Build.0 = Debug|Any CPU
		{BD1668AE-4CC2-48EA-8247-09D0978E9C08}.Debug|Any CPU.Deploy.0 = Debug|Any CPU
		{BD1668AE-4CC2-48EA-8247-09D0978E9C08}.Debug|ARM.ActiveCfg = Debug|Any CPU
		{BD1668AE-4CC2-48EA-8247-09D0978E9C08}.Debug|ARM.Build.0 = Debug|Any CPU
		{BD1668AE-4CC2-48EA-8247-09D0978E9C08}.Debug|iPhone.ActiveCfg = Debug|Any CPU
		{BD1668AE-4CC2-48EA-8247-09D0978E9C08}.Debug|iPhone.Build.0 = Debug|Any CPU
		{BD1668AE-4CC2-48EA-8247-09D0978E9C08}.Debug|iPhoneSimulator.ActiveCfg = Debug|Any CPU
		{BD1668AE-4CC2-48EA-8247-09D0978E9C08}.Debug|iPhoneSimulator.Build.0 = Debug|Any CPU
		{BD1668AE-4CC2-48EA-8247-09D0978E9C08}.Debug|x64.ActiveCfg = Debug|Any CPU
		{BD1668AE-4CC2-48EA-8247-09D0978E9C08}.Debug|x64.Build.0 = Debug|Any CPU
		{BD1668AE-4CC2-48EA-8247-09D0978E9C08}.Debug|x86.ActiveCfg = Debug|Any CPU
		{BD1668AE-4CC2-48EA-8247-09D0978E9C08}.Debug|x86.Build.0 = Debug|Any CPU
		{BD1668AE-4CC2-48EA-8247-09D0978E9C08}.Release|Any CPU.ActiveCfg = Release|Any CPU
		{BD1668AE-4CC2-48EA-8247-09D0978E9C08}.Release|Any CPU.Build.0 = Release|Any CPU
		{BD1668AE-4CC2-48EA-8247-09D0978E9C08}.Release|Any CPU.Deploy.0 = Release|Any CPU
		{BD1668AE-4CC2-48EA-8247-09D0978E9C08}.Release|ARM.ActiveCfg = Release|Any CPU
		{BD1668AE-4CC2-48EA-8247-09D0978E9C08}.Release|ARM.Build.0 = Release|Any CPU
		{BD1668AE-4CC2-48EA-8247-09D0978E9C08}.Release|iPhone.ActiveCfg = Release|Any CPU
		{BD1668AE-4CC2-48EA-8247-09D0978E9C08}.Release|iPhone.Build.0 = Release|Any CPU
		{BD1668AE-4CC2-48EA-8247-09D0978E9C08}.Release|iPhoneSimulator.ActiveCfg = Release|Any CPU
		{BD1668AE-4CC2-48EA-8247-09D0978E9C08}.Release|iPhoneSimulator.Build.0 = Release|Any CPU
		{BD1668AE-4CC2-48EA-8247-09D0978E9C08}.Release|x64.ActiveCfg = Release|Any CPU
		{BD1668AE-4CC2-48EA-8247-09D0978E9C08}.Release|x64.Build.0 = Release|Any CPU
		{BD1668AE-4CC2-48EA-8247-09D0978E9C08}.Release|x86.ActiveCfg = Release|Any CPU
		{BD1668AE-4CC2-48EA-8247-09D0978E9C08}.Release|x86.Build.0 = Release|Any CPU
	EndGlobalSection
	GlobalSection(SolutionProperties) = preSolution
		HideSolutionNode = FALSE
	EndGlobalSection
	GlobalSection(ExtensibilityGlobals) = postSolution
		SolutionGuid = {F6D05029-56B8-4E45-AF2D-0E76295DDBA2}
	EndGlobalSection
EndGlobal
