
Microsoft Visual Studio Solution File, Format Version 12.00
# Visual Studio 15
VisualStudioVersion = 15.0.26730.10
MinimumVisualStudioVersion = 10.0.40219.1

Project("{6EC3EE1D-3C4E-46DD-8F32-0CC8E7565705}") = "LoginFlow", "LoginFlow\LoginFlow.fsproj", "{F9B2E7E4-AEA2-4488-8961-B202570C34ED}"
EndProject

Project("{F2A71F9B-5D33-465A-A702-920D77279786}") = "LoginFlow.Android", "LoginFlow.Android\LoginFlow.Android.fsproj", "{CD69B4CA-FE49-40AC-A566-A24BD0295101}"
EndProject

Project("{F2A71F9B-5D33-465A-A702-920D77279786}") = "LoginFlow.iOS", "LoginFlow.iOS\LoginFlow.iOS.fsproj", "{7066F3AB-32C4-4F95-925D-D2D40BC9FF23}"
EndProject



Global
	GlobalSection(SolutionConfigurationPlatforms) = preSolution
		Ad-Hoc|Any CPU = Ad-Hoc|Any CPU
		Ad-Hoc|ARM = Ad-Hoc|ARM
		Ad-Hoc|iPhone = Ad-Hoc|iPhone
		Ad-Hoc|iPhoneSimulator = Ad-Hoc|iPhoneSimulator
		Ad-Hoc|x64 = Ad-Hoc|x64
		Ad-Hoc|x86 = Ad-Hoc|x86
		AppStore|Any CPU = AppStore|Any CPU
		AppStore|ARM = AppStore|ARM
		AppStore|iPhone = AppStore|iPhone
		AppStore|iPhoneSimulator = AppStore|iPhoneSimulator
		AppStore|x64 = AppStore|x64
		AppStore|x86 = AppStore|x86
		Debug|Any CPU = Debug|Any CPU
		Debug|ARM = Debug|ARM
		Debug|iPhone = Debug|iPhone
		Debug|iPhoneSimulator = Debug|iPhoneSimulator
		Debug|x64 = Debug|x64
		Debug|x86 = Debug|x86
		Release|Any CPU = Release|Any CPU
		Release|ARM = Release|ARM
		Release|iPhone = Release|iPhone
		Release|iPhoneSimulator = Release|iPhoneSimulator
		Release|x64 = Release|x64
		Release|x86 = Release|x86
	EndGlobalSection
	GlobalSection(ProjectConfigurationPlatforms) = postSolution
		{F9B2E7E4-AEA2-4488-8961-B202570C34ED}.Ad-Hoc|Any CPU.ActiveCfg = Debug|Any CPU
		{F9B2E7E4-AEA2-4488-8961-B202570C34ED}.Ad-Hoc|Any CPU.Build.0 = Debug|Any CPU
		{F9B2E7E4-AEA2-4488-8961-B202570C34ED}.Ad-Hoc|ARM.ActiveCfg = Debug|Any CPU
		{F9B2E7E4-AEA2-4488-8961-B202570C34ED}.Ad-Hoc|ARM.Build.0 = Debug|Any CPU
		{F9B2E7E4-AEA2-4488-8961-B202570C34ED}.Ad-Hoc|iPhone.ActiveCfg = Debug|Any CPU
		{F9B2E7E4-AEA2-4488-8961-B202570C34ED}.Ad-Hoc|iPhone.Build.0 = Debug|Any CPU
		{F9B2E7E4-AEA2-4488-8961-B202570C34ED}.Ad-Hoc|iPhoneSimulator.ActiveCfg = Debug|Any CPU
		{F9B2E7E4-AEA2-4488-8961-B202570C34ED}.Ad-Hoc|iPhoneSimulator.Build.0 = Debug|Any CPU
		{F9B2E7E4-AEA2-4488-8961-B202570C34ED}.Ad-Hoc|x64.ActiveCfg = Debug|Any CPU
		{F9B2E7E4-AEA2-4488-8961-B202570C34ED}.Ad-Hoc|x64.Build.0 = Debug|Any CPU
		{F9B2E7E4-AEA2-4488-8961-B202570C34ED}.Ad-Hoc|x86.ActiveCfg = Debug|Any CPU
		{F9B2E7E4-AEA2-4488-8961-B202570C34ED}.Ad-Hoc|x86.Build.0 = Debug|Any CPU
		{F9B2E7E4-AEA2-4488-8961-B202570C34ED}.AppStore|Any CPU.ActiveCfg = Debug|Any CPU
		{F9B2E7E4-AEA2-4488-8961-B202570C34ED}.AppStore|Any CPU.Build.0 = Debug|Any CPU
		{F9B2E7E4-AEA2-4488-8961-B202570C34ED}.AppStore|ARM.ActiveCfg = Debug|Any CPU
		{F9B2E7E4-AEA2-4488-8961-B202570C34ED}.AppStore|ARM.Build.0 = Debug|Any CPU
		{F9B2E7E4-AEA2-4488-8961-B202570C34ED}.AppStore|iPhone.ActiveCfg = Debug|Any CPU
		{F9B2E7E4-AEA2-4488-8961-B202570C34ED}.AppStore|iPhone.Build.0 = Debug|Any CPU
		{F9B2E7E4-AEA2-4488-8961-B202570C34ED}.AppStore|iPhoneSimulator.ActiveCfg = Debug|Any CPU
		{F9B2E7E4-AEA2-4488-8961-B202570C34ED}.AppStore|iPhoneSimulator.Build.0 = Debug|Any CPU
		{F9B2E7E4-AEA2-4488-8961-B202570C34ED}.AppStore|x64.ActiveCfg = Debug|Any CPU
		{F9B2E7E4-AEA2-4488-8961-B202570C34ED}.AppStore|x64.Build.0 = Debug|Any CPU
		{F9B2E7E4-AEA2-4488-8961-B202570C34ED}.AppStore|x86.ActiveCfg = Debug|Any CPU
		{F9B2E7E4-AEA2-4488-8961-B202570C34ED}.AppStore|x86.Build.0 = Debug|Any CPU
		{F9B2E7E4-AEA2-4488-8961-B202570C34ED}.Debug|Any CPU.ActiveCfg = Debug|Any CPU
		{F9B2E7E4-AEA2-4488-8961-B202570C34ED}.Debug|Any CPU.Build.0 = Debug|Any CPU
		{F9B2E7E4-AEA2-4488-8961-B202570C34ED}.Debug|ARM.ActiveCfg = Debug|Any CPU
		{F9B2E7E4-AEA2-4488-8961-B202570C34ED}.Debug|ARM.Build.0 = Debug|Any CPU
		{F9B2E7E4-AEA2-4488-8961-B202570C34ED}.Debug|iPhone.ActiveCfg = Debug|Any CPU
		{F9B2E7E4-AEA2-4488-8961-B202570C34ED}.Debug|iPhone.Build.0 = Debug|Any CPU
		{F9B2E7E4-AEA2-4488-8961-B202570C34ED}.Debug|iPhoneSimulator.ActiveCfg = Debug|Any CPU
		{F9B2E7E4-AEA2-4488-8961-B202570C34ED}.Debug|iPhoneSimulator.Build.0 = Debug|Any CPU
		{F9B2E7E4-AEA2-4488-8961-B202570C34ED}.Debug|x64.ActiveCfg = Debug|Any CPU
		{F9B2E7E4-AEA2-4488-8961-B202570C34ED}.Debug|x64.Build.0 = Debug|Any CPU
		{F9B2E7E4-AEA2-4488-8961-B202570C34ED}.Debug|x86.ActiveCfg = Debug|Any CPU
		{F9B2E7E4-AEA2-4488-8961-B202570C34ED}.Debug|x86.Build.0 = Debug|Any CPU
		{F9B2E7E4-AEA2-4488-8961-B202570C34ED}.Release|Any CPU.ActiveCfg = Release|Any CPU
		{F9B2E7E4-AEA2-4488-8961-B202570C34ED}.Release|Any CPU.Build.0 = Release|Any CPU
		{F9B2E7E4-AEA2-4488-8961-B202570C34ED}.Release|ARM.ActiveCfg = Release|Any CPU
		{F9B2E7E4-AEA2-4488-8961-B202570C34ED}.Release|ARM.Build.0 = Release|Any CPU
		{F9B2E7E4-AEA2-4488-8961-B202570C34ED}.Release|iPhone.ActiveCfg = Release|Any CPU
		{F9B2E7E4-AEA2-4488-8961-B202570C34ED}.Release|iPhone.Build.0 = Release|Any CPU
		{F9B2E7E4-AEA2-4488-8961-B202570C34ED}.Release|iPhoneSimulator.ActiveCfg = Release|Any CPU
		{F9B2E7E4-AEA2-4488-8961-B202570C34ED}.Release|iPhoneSimulator.Build.0 = Release|Any CPU
		{F9B2E7E4-AEA2-4488-8961-B202570C34ED}.Release|x64.ActiveCfg = Release|Any CPU
		{F9B2E7E4-AEA2-4488-8961-B202570C34ED}.Release|x64.Build.0 = Release|Any CPU
		{F9B2E7E4-AEA2-4488-8961-B202570C34ED}.Release|x86.ActiveCfg = Release|Any CPU
		{F9B2E7E4-AEA2-4488-8961-B202570C34ED}.Release|x86.Build.0 = Release|Any CPU
		{7066F3AB-32C4-4F95-925D-D2D40BC9FF23}.Ad-Hoc|Any CPU.ActiveCfg = Ad-Hoc|iPhone
		{7066F3AB-32C4-4F95-925D-D2D40BC9FF23}.Ad-Hoc|ARM.ActiveCfg = Ad-Hoc|iPhone
		{7066F3AB-32C4-4F95-925D-D2D40BC9FF23}.Ad-Hoc|iPhone.ActiveCfg = Ad-Hoc|iPhone
		{7066F3AB-32C4-4F95-925D-D2D40BC9FF23}.Ad-Hoc|iPhone.Build.0 = Ad-Hoc|iPhone
		{7066F3AB-32C4-4F95-925D-D2D40BC9FF23}.Ad-Hoc|iPhoneSimulator.ActiveCfg = Ad-Hoc|iPhoneSimulator
		{7066F3AB-32C4-4F95-925D-D2D40BC9FF23}.Ad-Hoc|iPhoneSimulator.Build.0 = Ad-Hoc|iPhoneSimulator
		{7066F3AB-32C4-4F95-925D-D2D40BC9FF23}.Ad-Hoc|x64.ActiveCfg = Ad-Hoc|iPhone
		{7066F3AB-32C4-4F95-925D-D2D40BC9FF23}.Ad-Hoc|x86.ActiveCfg = Ad-Hoc|iPhone
		{7066F3AB-32C4-4F95-925D-D2D40BC9FF23}.AppStore|Any CPU.ActiveCfg = AppStore|iPhone
		{7066F3AB-32C4-4F95-925D-D2D40BC9FF23}.AppStore|ARM.ActiveCfg = AppStore|iPhone
		{7066F3AB-32C4-4F95-925D-D2D40BC9FF23}.AppStore|iPhone.ActiveCfg = AppStore|iPhone
		{7066F3AB-32C4-4F95-925D-D2D40BC9FF23}.AppStore|iPhone.Build.0 = AppStore|iPhone
		{7066F3AB-32C4-4F95-925D-D2D40BC9FF23}.AppStore|iPhoneSimulator.ActiveCfg = AppStore|iPhoneSimulator
		{7066F3AB-32C4-4F95-925D-D2D40BC9FF23}.AppStore|iPhoneSimulator.Build.0 = AppStore|iPhoneSimulator
		{7066F3AB-32C4-4F95-925D-D2D40BC9FF23}.AppStore|x64.ActiveCfg = AppStore|iPhone
		{7066F3AB-32C4-4F95-925D-D2D40BC9FF23}.AppStore|x86.ActiveCfg = AppStore|iPhone
		{7066F3AB-32C4-4F95-925D-D2D40BC9FF23}.Debug|Any CPU.ActiveCfg = Debug|iPhone
		{7066F3AB-32C4-4F95-925D-D2D40BC9FF23}.Debug|ARM.ActiveCfg = Debug|iPhone
		{7066F3AB-32C4-4F95-925D-D2D40BC9FF23}.Debug|iPhone.ActiveCfg = Debug|iPhone
		{7066F3AB-32C4-4F95-925D-D2D40BC9FF23}.Debug|iPhone.Build.0 = Debug|iPhone
		{7066F3AB-32C4-4F95-925D-D2D40BC9FF23}.Debug|iPhoneSimulator.ActiveCfg = Debug|iPhoneSimulator
		{7066F3AB-32C4-4F95-925D-D2D40BC9FF23}.Debug|iPhoneSimulator.Build.0 = Debug|iPhoneSimulator
		{7066F3AB-32C4-4F95-925D-D2D40BC9FF23}.Debug|x64.ActiveCfg = Debug|iPhone
		{7066F3AB-32C4-4F95-925D-D2D40BC9FF23}.Debug|x86.ActiveCfg = Debug|iPhone
		{7066F3AB-32C4-4F95-925D-D2D40BC9FF23}.Release|Any CPU.ActiveCfg = Release|iPhone
		{7066F3AB-32C4-4F95-925D-D2D40BC9FF23}.Release|ARM.ActiveCfg = Release|iPhone
		{7066F3AB-32C4-4F95-925D-D2D40BC9FF23}.Release|iPhone.ActiveCfg = Release|iPhone
		{7066F3AB-32C4-4F95-925D-D2D40BC9FF23}.Release|iPhone.Build.0 = Release|iPhone
		{7066F3AB-32C4-4F95-925D-D2D40BC9FF23}.Release|iPhoneSimulator.ActiveCfg = Release|iPhoneSimulator
		{7066F3AB-32C4-4F95-925D-D2D40BC9FF23}.Release|iPhoneSimulator.Build.0 = Release|iPhoneSimulator
		{7066F3AB-32C4-4F95-925D-D2D40BC9FF23}.Release|x64.ActiveCfg = Release|iPhone
		{7066F3AB-32C4-4F95-925D-D2D40BC9FF23}.Release|x86.ActiveCfg = Release|iPhone
		{5D584CF3-AE4C-4909-8B74-57F2DCE5C737}.Ad-Hoc|Any CPU.ActiveCfg = Release|x86
		{5D584CF3-AE4C-4909-8B74-57F2DCE5C737}.Ad-Hoc|Any CPU.Build.0 = Release|x86
		{5D584CF3-AE4C-4909-8B74-57F2DCE5C737}.Ad-Hoc|Any CPU.Deploy.0 = Release|x86
		{5D584CF3-AE4C-4909-8B74-57F2DCE5C737}.Ad-Hoc|ARM.ActiveCfg = Release|ARM
		{5D584CF3-AE4C-4909-8B74-57F2DCE5C737}.Ad-Hoc|ARM.Build.0 = Release|ARM
		{5D584CF3-AE4C-4909-8B74-57F2DCE5C737}.Ad-Hoc|ARM.Deploy.0 = Release|ARM
		{5D584CF3-AE4C-4909-8B74-57F2DCE5C737}.Ad-Hoc|iPhone.ActiveCfg = Release|x86
		{5D584CF3-AE4C-4909-8B74-57F2DCE5C737}.Ad-Hoc|iPhone.Build.0 = Release|x86
		{5D584CF3-AE4C-4909-8B74-57F2DCE5C737}.Ad-Hoc|iPhone.Deploy.0 = Release|x86
		{5D584CF3-AE4C-4909-8B74-57F2DCE5C737}.Ad-Hoc|iPhoneSimulator.ActiveCfg = Release|x86
		{5D584CF3-AE4C-4909-8B74-57F2DCE5C737}.Ad-Hoc|iPhoneSimulator.Build.0 = Release|x86
		{5D584CF3-AE4C-4909-8B74-57F2DCE5C737}.Ad-Hoc|iPhoneSimulator.Deploy.0 = Release|x86
		{5D584CF3-AE4C-4909-8B74-57F2DCE5C737}.Ad-Hoc|x64.ActiveCfg = Release|x64
		{5D584CF3-AE4C-4909-8B74-57F2DCE5C737}.Ad-Hoc|x64.Build.0 = Release|x64
		{5D584CF3-AE4C-4909-8B74-57F2DCE5C737}.Ad-Hoc|x64.Deploy.0 = Release|x64
		{5D584CF3-AE4C-4909-8B74-57F2DCE5C737}.Ad-Hoc|x86.ActiveCfg = Release|x86
		{5D584CF3-AE4C-4909-8B74-57F2DCE5C737}.Ad-Hoc|x86.Build.0 = Release|x86
		{5D584CF3-AE4C-4909-8B74-57F2DCE5C737}.Ad-Hoc|x86.Deploy.0 = Release|x86
		{5D584CF3-AE4C-4909-8B74-57F2DCE5C737}.AppStore|Any CPU.ActiveCfg = Release|x86
		{5D584CF3-AE4C-4909-8B74-57F2DCE5C737}.AppStore|Any CPU.Build.0 = Release|x86
		{5D584CF3-AE4C-4909-8B74-57F2DCE5C737}.AppStore|Any CPU.Deploy.0 = Release|x86
		{5D584CF3-AE4C-4909-8B74-57F2DCE5C737}.AppStore|ARM.ActiveCfg = Release|ARM
		{5D584CF3-AE4C-4909-8B74-57F2DCE5C737}.AppStore|ARM.Build.0 = Release|ARM
		{5D584CF3-AE4C-4909-8B74-57F2DCE5C737}.AppStore|ARM.Deploy.0 = Release|ARM
		{5D584CF3-AE4C-4909-8B74-57F2DCE5C737}.AppStore|iPhone.ActiveCfg = Release|x86
		{5D584CF3-AE4C-4909-8B74-57F2DCE5C737}.AppStore|iPhone.Build.0 = Release|x86
		{5D584CF3-AE4C-4909-8B74-57F2DCE5C737}.AppStore|iPhone.Deploy.0 = Release|x86
		{5D584CF3-AE4C-4909-8B74-57F2DCE5C737}.AppStore|iPhoneSimulator.ActiveCfg = Release|x86
		{5D584CF3-AE4C-4909-8B74-57F2DCE5C737}.AppStore|iPhoneSimulator.Build.0 = Release|x86
		{5D584CF3-AE4C-4909-8B74-57F2DCE5C737}.AppStore|iPhoneSimulator.Deploy.0 = Release|x86
		{5D584CF3-AE4C-4909-8B74-57F2DCE5C737}.AppStore|x64.ActiveCfg = Release|x64
		{5D584CF3-AE4C-4909-8B74-57F2DCE5C737}.AppStore|x64.Build.0 = Release|x64
		{5D584CF3-AE4C-4909-8B74-57F2DCE5C737}.AppStore|x64.Deploy.0 = Release|x64
		{5D584CF3-AE4C-4909-8B74-57F2DCE5C737}.AppStore|x86.ActiveCfg = Release|x86
		{5D584CF3-AE4C-4909-8B74-57F2DCE5C737}.AppStore|x86.Build.0 = Release|x86
		{5D584CF3-AE4C-4909-8B74-57F2DCE5C737}.AppStore|x86.Deploy.0 = Release|x86
		{5D584CF3-AE4C-4909-8B74-57F2DCE5C737}.Debug|Any CPU.ActiveCfg = Debug|x86
		{5D584CF3-AE4C-4909-8B74-57F2DCE5C737}.Debug|ARM.ActiveCfg = Debug|ARM
		{5D584CF3-AE4C-4909-8B74-57F2DCE5C737}.Debug|ARM.Build.0 = Debug|ARM
		{5D584CF3-AE4C-4909-8B74-57F2DCE5C737}.Debug|ARM.Deploy.0 = Debug|ARM
		{5D584CF3-AE4C-4909-8B74-57F2DCE5C737}.Debug|iPhone.ActiveCfg = Debug|x86
		{5D584CF3-AE4C-4909-8B74-57F2DCE5C737}.Debug|iPhoneSimulator.ActiveCfg = Debug|x86
		{5D584CF3-AE4C-4909-8B74-57F2DCE5C737}.Debug|x64.ActiveCfg = Debug|x64
		{5D584CF3-AE4C-4909-8B74-57F2DCE5C737}.Debug|x64.Build.0 = Debug|x64
		{5D584CF3-AE4C-4909-8B74-57F2DCE5C737}.Debug|x64.Deploy.0 = Debug|x64
		{5D584CF3-AE4C-4909-8B74-57F2DCE5C737}.Debug|x86.ActiveCfg = Debug|x86
		{5D584CF3-AE4C-4909-8B74-57F2DCE5C737}.Debug|x86.Build.0 = Debug|x86
		{5D584CF3-AE4C-4909-8B74-57F2DCE5C737}.Debug|x86.Deploy.0 = Debug|x86
		{5D584CF3-AE4C-4909-8B74-57F2DCE5C737}.Release|Any CPU.ActiveCfg = Release|x86
		{5D584CF3-AE4C-4909-8B74-57F2DCE5C737}.Release|ARM.ActiveCfg = Release|ARM
		{5D584CF3-AE4C-4909-8B74-57F2DCE5C737}.Release|ARM.Build.0 = Release|ARM
		{5D584CF3-AE4C-4909-8B74-57F2DCE5C737}.Release|ARM.Deploy.0 = Release|ARM
		{5D584CF3-AE4C-4909-8B74-57F2DCE5C737}.Release|iPhone.ActiveCfg = Release|x86
		{5D584CF3-AE4C-4909-8B74-57F2DCE5C737}.Release|iPhoneSimulator.ActiveCfg = Release|x86
		{5D584CF3-AE4C-4909-8B74-57F2DCE5C737}.Release|x64.ActiveCfg = Release|x64
		{5D584CF3-AE4C-4909-8B74-57F2DCE5C737}.Release|x64.Build.0 = Release|x64
		{5D584CF3-AE4C-4909-8B74-57F2DCE5C737}.Release|x64.Deploy.0 = Release|x64
		{5D584CF3-AE4C-4909-8B74-57F2DCE5C737}.Release|x86.ActiveCfg = Release|x86
		{5D584CF3-AE4C-4909-8B74-57F2DCE5C737}.Release|x86.Build.0 = Release|x86
		{5D584CF3-AE4C-4909-8B74-57F2DCE5C737}.Release|x86.Deploy.0 = Release|x86
		{21A4AF5E-0BF7-4F32-9F1A-F503CD840E9D}.Ad-Hoc|Any CPU.ActiveCfg = Release|Any CPU
		{21A4AF5E-0BF7-4F32-9F1A-F503CD840E9D}.Ad-Hoc|Any CPU.Build.0 = Release|Any CPU
		{21A4AF5E-0BF7-4F32-9F1A-F503CD840E9D}.Ad-Hoc|ARM.ActiveCfg = Release|Any CPU
		{21A4AF5E-0BF7-4F32-9F1A-F503CD840E9D}.Ad-Hoc|ARM.Build.0 = Release|Any CPU
		{21A4AF5E-0BF7-4F32-9F1A-F503CD840E9D}.Ad-Hoc|iPhone.ActiveCfg = Release|Any CPU
		{21A4AF5E-0BF7-4F32-9F1A-F503CD840E9D}.Ad-Hoc|iPhone.Build.0 = Release|Any CPU
		{21A4AF5E-0BF7-4F32-9F1A-F503CD840E9D}.Ad-Hoc|iPhoneSimulator.ActiveCfg = Release|Any CPU
		{21A4AF5E-0BF7-4F32-9F1A-F503CD840E9D}.Ad-Hoc|iPhoneSimulator.Build.0 = Release|Any CPU
		{21A4AF5E-0BF7-4F32-9F1A-F503CD840E9D}.Ad-Hoc|x64.ActiveCfg = Release|Any CPU
		{21A4AF5E-0BF7-4F32-9F1A-F503CD840E9D}.Ad-Hoc|x64.Build.0 = Release|Any CPU
		{21A4AF5E-0BF7-4F32-9F1A-F503CD840E9D}.Ad-Hoc|x86.ActiveCfg = Release|Any CPU
		{21A4AF5E-0BF7-4F32-9F1A-F503CD840E9D}.Ad-Hoc|x86.Build.0 = Release|Any CPU
		{21A4AF5E-0BF7-4F32-9F1A-F503CD840E9D}.AppStore|Any CPU.ActiveCfg = Release|Any CPU
		{21A4AF5E-0BF7-4F32-9F1A-F503CD840E9D}.AppStore|Any CPU.Build.0 = Release|Any CPU
		{21A4AF5E-0BF7-4F32-9F1A-F503CD840E9D}.AppStore|ARM.ActiveCfg = Release|Any CPU
		{21A4AF5E-0BF7-4F32-9F1A-F503CD840E9D}.AppStore|ARM.Build.0 = Release|Any CPU
		{21A4AF5E-0BF7-4F32-9F1A-F503CD840E9D}.AppStore|iPhone.ActiveCfg = Release|Any CPU
		{21A4AF5E-0BF7-4F32-9F1A-F503CD840E9D}.AppStore|iPhone.Build.0 = Release|Any CPU
		{21A4AF5E-0BF7-4F32-9F1A-F503CD840E9D}.AppStore|iPhoneSimulator.ActiveCfg = Release|Any CPU
		{21A4AF5E-0BF7-4F32-9F1A-F503CD840E9D}.AppStore|iPhoneSimulator.Build.0 = Release|Any CPU
		{21A4AF5E-0BF7-4F32-9F1A-F503CD840E9D}.AppStore|x64.ActiveCfg = Release|Any CPU
		{21A4AF5E-0BF7-4F32-9F1A-F503CD840E9D}.AppStore|x64.Build.0 = Release|Any CPU
		{21A4AF5E-0BF7-4F32-9F1A-F503CD840E9D}.AppStore|x86.ActiveCfg = Release|Any CPU
		{21A4AF5E-0BF7-4F32-9F1A-F503CD840E9D}.AppStore|x86.Build.0 = Release|Any CPU
		{21A4AF5E-0BF7-4F32-9F1A-F503CD840E9D}.Debug|Any CPU.ActiveCfg = Debug|Any CPU
		{21A4AF5E-0BF7-4F32-9F1A-F503CD840E9D}.Debug|Any CPU.Build.0 = Debug|Any CPU
		{21A4AF5E-0BF7-4F32-9F1A-F503CD840E9D}.Debug|ARM.ActiveCfg = Debug|Any CPU
		{21A4AF5E-0BF7-4F32-9F1A-F503CD840E9D}.Debug|ARM.Build.0 = Debug|Any CPU
		{21A4AF5E-0BF7-4F32-9F1A-F503CD840E9D}.Debug|iPhone.ActiveCfg = Debug|Any CPU
		{21A4AF5E-0BF7-4F32-9F1A-F503CD840E9D}.Debug|iPhone.Build.0 = Debug|Any CPU
		{21A4AF5E-0BF7-4F32-9F1A-F503CD840E9D}.Debug|iPhoneSimulator.ActiveCfg = Debug|Any CPU
		{21A4AF5E-0BF7-4F32-9F1A-F503CD840E9D}.Debug|iPhoneSimulator.Build.0 = Debug|Any CPU
		{21A4AF5E-0BF7-4F32-9F1A-F503CD840E9D}.Debug|x64.ActiveCfg = Debug|Any CPU
		{21A4AF5E-0BF7-4F32-9F1A-F503CD840E9D}.Debug|x64.Build.0 = Debug|Any CPU
		{21A4AF5E-0BF7-4F32-9F1A-F503CD840E9D}.Debug|x86.ActiveCfg = Debug|Any CPU
		{21A4AF5E-0BF7-4F32-9F1A-F503CD840E9D}.Debug|x86.Build.0 = Debug|Any CPU
		{21A4AF5E-0BF7-4F32-9F1A-F503CD840E9D}.Release|Any CPU.ActiveCfg = Release|Any CPU
		{21A4AF5E-0BF7-4F32-9F1A-F503CD840E9D}.Release|Any CPU.Build.0 = Release|Any CPU
		{21A4AF5E-0BF7-4F32-9F1A-F503CD840E9D}.Release|ARM.ActiveCfg = Release|Any CPU
		{21A4AF5E-0BF7-4F32-9F1A-F503CD840E9D}.Release|ARM.Build.0 = Release|Any CPU
		{21A4AF5E-0BF7-4F32-9F1A-F503CD840E9D}.Release|iPhone.ActiveCfg = Release|Any CPU
		{21A4AF5E-0BF7-4F32-9F1A-F503CD840E9D}.Release|iPhone.Build.0 = Release|Any CPU
		{21A4AF5E-0BF7-4F32-9F1A-F503CD840E9D}.Release|iPhoneSimulator.ActiveCfg = Release|Any CPU
		{21A4AF5E-0BF7-4F32-9F1A-F503CD840E9D}.Release|iPhoneSimulator.Build.0 = Release|Any CPU
		{21A4AF5E-0BF7-4F32-9F1A-F503CD840E9D}.Release|x64.ActiveCfg = Release|Any CPU
		{21A4AF5E-0BF7-4F32-9F1A-F503CD840E9D}.Release|x64.Build.0 = Release|Any CPU
		{21A4AF5E-0BF7-4F32-9F1A-F503CD840E9D}.Release|x86.ActiveCfg = Release|Any CPU
		{21A4AF5E-0BF7-4F32-9F1A-F503CD840E9D}.Release|x86.Build.0 = Release|Any CPU
		{CD69B4CA-FE49-40AC-A566-A24BD0295101}.Ad-Hoc|Any CPU.ActiveCfg = Release|Any CPU
		{CD69B4CA-FE49-40AC-A566-A24BD0295101}.Ad-Hoc|Any CPU.Build.0 = Release|Any CPU
		{CD69B4CA-FE49-40AC-A566-A24BD0295101}.Ad-Hoc|ARM.ActiveCfg = Release|Any CPU
		{CD69B4CA-FE49-40AC-A566-A24BD0295101}.Ad-Hoc|ARM.Build.0 = Release|Any CPU
		{CD69B4CA-FE49-40AC-A566-A24BD0295101}.Ad-Hoc|iPhone.ActiveCfg = Release|Any CPU
		{CD69B4CA-FE49-40AC-A566-A24BD0295101}.Ad-Hoc|iPhone.Build.0 = Release|Any CPU
		{CD69B4CA-FE49-40AC-A566-A24BD0295101}.Ad-Hoc|iPhoneSimulator.ActiveCfg = Release|Any CPU
		{CD69B4CA-FE49-40AC-A566-A24BD0295101}.Ad-Hoc|iPhoneSimulator.Build.0 = Release|Any CPU
		{CD69B4CA-FE49-40AC-A566-A24BD0295101}.Ad-Hoc|x64.ActiveCfg = Release|Any CPU
		{CD69B4CA-FE49-40AC-A566-A24BD0295101}.Ad-Hoc|x64.Build.0 = Release|Any CPU
		{CD69B4CA-FE49-40AC-A566-A24BD0295101}.Ad-Hoc|x86.ActiveCfg = Release|Any CPU
		{CD69B4CA-FE49-40AC-A566-A24BD0295101}.Ad-Hoc|x86.Build.0 = Release|Any CPU
		{CD69B4CA-FE49-40AC-A566-A24BD0295101}.AppStore|Any CPU.ActiveCfg = Release|Any CPU
		{CD69B4CA-FE49-40AC-A566-A24BD0295101}.AppStore|Any CPU.Build.0 = Release|Any CPU
		{CD69B4CA-FE49-40AC-A566-A24BD0295101}.AppStore|ARM.ActiveCfg = Release|Any CPU
		{CD69B4CA-FE49-40AC-A566-A24BD0295101}.AppStore|ARM.Build.0 = Release|Any CPU
		{CD69B4CA-FE49-40AC-A566-A24BD0295101}.AppStore|iPhone.ActiveCfg = Release|Any CPU
		{CD69B4CA-FE49-40AC-A566-A24BD0295101}.AppStore|iPhone.Build.0 = Release|Any CPU
		{CD69B4CA-FE49-40AC-A566-A24BD0295101}.AppStore|iPhoneSimulator.ActiveCfg = Release|Any CPU
		{CD69B4CA-FE49-40AC-A566-A24BD0295101}.AppStore|iPhoneSimulator.Build.0 = Release|Any CPU
		{CD69B4CA-FE49-40AC-A566-A24BD0295101}.AppStore|x64.ActiveCfg = Release|Any CPU
		{CD69B4CA-FE49-40AC-A566-A24BD0295101}.AppStore|x64.Build.0 = Release|Any CPU
		{CD69B4CA-FE49-40AC-A566-A24BD0295101}.AppStore|x86.ActiveCfg = Release|Any CPU
		{CD69B4CA-FE49-40AC-A566-A24BD0295101}.AppStore|x86.Build.0 = Release|Any CPU
		{CD69B4CA-FE49-40AC-A566-A24BD0295101}.Debug|Any CPU.ActiveCfg = Debug|Any CPU
		{CD69B4CA-FE49-40AC-A566-A24BD0295101}.Debug|Any CPU.Build.0 = Debug|Any CPU
		{CD69B4CA-FE49-40AC-A566-A24BD0295101}.Debug|Any CPU.Deploy.0 = Debug|Any CPU
		{CD69B4CA-FE49-40AC-A566-A24BD0295101}.Debug|ARM.ActiveCfg = Debug|Any CPU
		{CD69B4CA-FE49-40AC-A566-A24BD0295101}.Debug|ARM.Build.0 = Debug|Any CPU
		{CD69B4CA-FE49-40AC-A566-A24BD0295101}.Debug|iPhone.ActiveCfg = Debug|Any CPU
		{CD69B4CA-FE49-40AC-A566-A24BD0295101}.Debug|iPhone.Build.0 = Debug|Any CPU
		{CD69B4CA-FE49-40AC-A566-A24BD0295101}.Debug|iPhoneSimulator.ActiveCfg = Debug|Any CPU
		{CD69B4CA-FE49-40AC-A566-A24BD0295101}.Debug|iPhoneSimulator.Build.0 = Debug|Any CPU
		{CD69B4CA-FE49-40AC-A566-A24BD0295101}.Debug|x64.ActiveCfg = Debug|Any CPU
		{CD69B4CA-FE49-40AC-A566-A24BD0295101}.Debug|x64.Build.0 = Debug|Any CPU
		{CD69B4CA-FE49-40AC-A566-A24BD0295101}.Debug|x86.ActiveCfg = Debug|Any CPU
		{CD69B4CA-FE49-40AC-A566-A24BD0295101}.Debug|x86.Build.0 = Debug|Any CPU
		{CD69B4CA-FE49-40AC-A566-A24BD0295101}.Release|Any CPU.ActiveCfg = Release|Any CPU
		{CD69B4CA-FE49-40AC-A566-A24BD0295101}.Release|Any CPU.Build.0 = Release|Any CPU
		{CD69B4CA-FE49-40AC-A566-A24BD0295101}.Release|Any CPU.Deploy.0 = Release|Any CPU
		{CD69B4CA-FE49-40AC-A566-A24BD0295101}.Release|ARM.ActiveCfg = Release|Any CPU
		{CD69B4CA-FE49-40AC-A566-A24BD0295101}.Release|ARM.Build.0 = Release|Any CPU
		{CD69B4CA-FE49-40AC-A566-A24BD0295101}.Release|iPhone.ActiveCfg = Release|Any CPU
		{CD69B4CA-FE49-40AC-A566-A24BD0295101}.Release|iPhone.Build.0 = Release|Any CPU
		{CD69B4CA-FE49-40AC-A566-A24BD0295101}.Release|iPhoneSimulator.ActiveCfg = Release|Any CPU
		{CD69B4CA-FE49-40AC-A566-A24BD0295101}.Release|iPhoneSimulator.Build.0 = Release|Any CPU
		{CD69B4CA-FE49-40AC-A566-A24BD0295101}.Release|x64.ActiveCfg = Release|Any CPU
		{CD69B4CA-FE49-40AC-A566-A24BD0295101}.Release|x64.Build.0 = Release|Any CPU
		{CD69B4CA-FE49-40AC-A566-A24BD0295101}.Release|x86.ActiveCfg = Release|Any CPU
		{CD69B4CA-FE49-40AC-A566-A24BD0295101}.Release|x86.Build.0 = Release|Any CPU
	EndGlobalSection
	GlobalSection(SolutionProperties) = preSolution
		HideSolutionNode = FALSE
	EndGlobalSection
	GlobalSection(ExtensibilityGlobals) = postSolution
		SolutionGuid = {F6D05029-56B8-4E45-AF2D-0E76295DDBA2}
	EndGlobalSection
EndGlobal
