Microsoft Visual Studio Solution File, Format Version 12.00
# Visual Studio Version 16
VisualStudioVersion = 16.0.29102.190
MinimumVisualStudioVersion = 10.0.40219.1
Project("{6EC3EE1D-3C4E-46DD-8F32-0CC8E7565705}") = "SimpleFabimals", "SimpleFabimals\SimpleFabimals.fsproj", "{D3E847E0-DBB4-49FE-AE60-3D1ADE347BB1}"
EndProject
Project("{F2A71F9B-5D33-465A-A702-920D77279786}") = "SimpleFabimals.Android", "SimpleFabimals.Android\SimpleFabimals.Android.fsproj", "{1DF861E3-829D-4293-9C75-63005F6E2A21}"
EndProject
Project("{F2A71F9B-5D33-465A-A702-920D77279786}") = "SimpleFabimals.iOS", "SimpleFabimals.iOS\SimpleFabimals.iOS.fsproj", "{A759CED1-C6AD-411B-9F21-2E1E582391B6}"
EndProject
Project("{6EC3EE1D-3C4E-46DD-8F32-0CC8E7565705}") = "Fabulous.SimpleElements", "..\..\src\Fabulous.SimpleElements.fsproj", "{4AD477D8-5DFE-43A8-8092-8F220177E6F6}"
EndProject
Global
	GlobalSection(SolutionConfigurationPlatforms) = preSolution
		Ad-Hoc|Any CPU = Ad-Hoc|Any CPU
		Ad-Hoc|ARM = Ad-Hoc|ARM
		Ad-Hoc|iPhone = Ad-Hoc|iPhone
		Ad-Hoc|iPhoneSimulator = Ad-Hoc|iPhoneSimulator
		Ad-Hoc|x64 = Ad-Hoc|x64
		Ad-Hoc|x86 = Ad-Hoc|x86
		AppStore|Any CPU = AppStore|Any CPU
		AppStore|ARM = AppStore|ARM
		AppStore|iPhone = AppStore|iPhone
		AppStore|iPhoneSimulator = AppStore|iPhoneSimulator
		AppStore|x64 = AppStore|x64
		AppStore|x86 = AppStore|x86
		Debug|Any CPU = Debug|Any CPU
		Debug|ARM = Debug|ARM
		Debug|iPhone = Debug|iPhone
		Debug|iPhoneSimulator = Debug|iPhoneSimulator
		Debug|x64 = Debug|x64
		Debug|x86 = Debug|x86
		Release|Any CPU = Release|Any CPU
		Release|ARM = Release|ARM
		Release|iPhone = Release|iPhone
		Release|iPhoneSimulator = Release|iPhoneSimulator
		Release|x64 = Release|x64
		Release|x86 = Release|x86
	EndGlobalSection
	GlobalSection(ProjectConfigurationPlatforms) = postSolution
		{D3E847E0-DBB4-49FE-AE60-3D1ADE347BB1}.Ad-Hoc|Any CPU.ActiveCfg = Debug|Any CPU
		{D3E847E0-DBB4-49FE-AE60-3D1ADE347BB1}.Ad-Hoc|Any CPU.Build.0 = Debug|Any CPU
		{D3E847E0-DBB4-49FE-AE60-3D1ADE347BB1}.Ad-Hoc|ARM.ActiveCfg = Debug|Any CPU
		{D3E847E0-DBB4-49FE-AE60-3D1ADE347BB1}.Ad-Hoc|ARM.Build.0 = Debug|Any CPU
		{D3E847E0-DBB4-49FE-AE60-3D1ADE347BB1}.Ad-Hoc|iPhone.ActiveCfg = Debug|Any CPU
		{D3E847E0-DBB4-49FE-AE60-3D1ADE347BB1}.Ad-Hoc|iPhone.Build.0 = Debug|Any CPU
		{D3E847E0-DBB4-49FE-AE60-3D1ADE347BB1}.Ad-Hoc|iPhoneSimulator.ActiveCfg = Debug|Any CPU
		{D3E847E0-DBB4-49FE-AE60-3D1ADE347BB1}.Ad-Hoc|iPhoneSimulator.Build.0 = Debug|Any CPU
		{D3E847E0-DBB4-49FE-AE60-3D1ADE347BB1}.Ad-Hoc|x64.ActiveCfg = Debug|Any CPU
		{D3E847E0-DBB4-49FE-AE60-3D1ADE347BB1}.Ad-Hoc|x64.Build.0 = Debug|Any CPU
		{D3E847E0-DBB4-49FE-AE60-3D1ADE347BB1}.Ad-Hoc|x86.ActiveCfg = Debug|Any CPU
		{D3E847E0-DBB4-49FE-AE60-3D1ADE347BB1}.Ad-Hoc|x86.Build.0 = Debug|Any CPU
		{D3E847E0-DBB4-49FE-AE60-3D1ADE347BB1}.AppStore|Any CPU.ActiveCfg = Debug|Any CPU
		{D3E847E0-DBB4-49FE-AE60-3D1ADE347BB1}.AppStore|Any CPU.Build.0 = Debug|Any CPU
		{D3E847E0-DBB4-49FE-AE60-3D1ADE347BB1}.AppStore|ARM.ActiveCfg = Debug|Any CPU
		{D3E847E0-DBB4-49FE-AE60-3D1ADE347BB1}.AppStore|ARM.Build.0 = Debug|Any CPU
		{D3E847E0-DBB4-49FE-AE60-3D1ADE347BB1}.AppStore|iPhone.ActiveCfg = Debug|Any CPU
		{D3E847E0-DBB4-49FE-AE60-3D1ADE347BB1}.AppStore|iPhone.Build.0 = Debug|Any CPU
		{D3E847E0-DBB4-49FE-AE60-3D1ADE347BB1}.AppStore|iPhoneSimulator.ActiveCfg = Debug|Any CPU
		{D3E847E0-DBB4-49FE-AE60-3D1ADE347BB1}.AppStore|iPhoneSimulator.Build.0 = Debug|Any CPU
		{D3E847E0-DBB4-49FE-AE60-3D1ADE347BB1}.AppStore|x64.ActiveCfg = Debug|Any CPU
		{D3E847E0-DBB4-49FE-AE60-3D1ADE347BB1}.AppStore|x64.Build.0 = Debug|Any CPU
		{D3E847E0-DBB4-49FE-AE60-3D1ADE347BB1}.AppStore|x86.ActiveCfg = Debug|Any CPU
		{D3E847E0-DBB4-49FE-AE60-3D1ADE347BB1}.AppStore|x86.Build.0 = Debug|Any CPU
		{D3E847E0-DBB4-49FE-AE60-3D1ADE347BB1}.Debug|Any CPU.ActiveCfg = Debug|Any CPU
		{D3E847E0-DBB4-49FE-AE60-3D1ADE347BB1}.Debug|Any CPU.Build.0 = Debug|Any CPU
		{D3E847E0-DBB4-49FE-AE60-3D1ADE347BB1}.Debug|ARM.ActiveCfg = Debug|Any CPU
		{D3E847E0-DBB4-49FE-AE60-3D1ADE347BB1}.Debug|ARM.Build.0 = Debug|Any CPU
		{D3E847E0-DBB4-49FE-AE60-3D1ADE347BB1}.Debug|iPhone.ActiveCfg = Debug|Any CPU
		{D3E847E0-DBB4-49FE-AE60-3D1ADE347BB1}.Debug|iPhone.Build.0 = Debug|Any CPU
		{D3E847E0-DBB4-49FE-AE60-3D1ADE347BB1}.Debug|iPhoneSimulator.ActiveCfg = Debug|Any CPU
		{D3E847E0-DBB4-49FE-AE60-3D1ADE347BB1}.Debug|iPhoneSimulator.Build.0 = Debug|Any CPU
		{D3E847E0-DBB4-49FE-AE60-3D1ADE347BB1}.Debug|x64.ActiveCfg = Debug|Any CPU
		{D3E847E0-DBB4-49FE-AE60-3D1ADE347BB1}.Debug|x64.Build.0 = Debug|Any CPU
		{D3E847E0-DBB4-49FE-AE60-3D1ADE347BB1}.Debug|x86.ActiveCfg = Debug|Any CPU
		{D3E847E0-DBB4-49FE-AE60-3D1ADE347BB1}.Debug|x86.Build.0 = Debug|Any CPU
		{D3E847E0-DBB4-49FE-AE60-3D1ADE347BB1}.Release|Any CPU.ActiveCfg = Release|Any CPU
		{D3E847E0-DBB4-49FE-AE60-3D1ADE347BB1}.Release|Any CPU.Build.0 = Release|Any CPU
		{D3E847E0-DBB4-49FE-AE60-3D1ADE347BB1}.Release|ARM.ActiveCfg = Release|Any CPU
		{D3E847E0-DBB4-49FE-AE60-3D1ADE347BB1}.Release|ARM.Build.0 = Release|Any CPU
		{D3E847E0-DBB4-49FE-AE60-3D1ADE347BB1}.Release|iPhone.ActiveCfg = Release|Any CPU
		{D3E847E0-DBB4-49FE-AE60-3D1ADE347BB1}.Release|iPhone.Build.0 = Release|Any CPU
		{D3E847E0-DBB4-49FE-AE60-3D1ADE347BB1}.Release|iPhoneSimulator.ActiveCfg = Release|Any CPU
		{D3E847E0-DBB4-49FE-AE60-3D1ADE347BB1}.Release|iPhoneSimulator.Build.0 = Release|Any CPU
		{D3E847E0-DBB4-49FE-AE60-3D1ADE347BB1}.Release|x64.ActiveCfg = Release|Any CPU
		{D3E847E0-DBB4-49FE-AE60-3D1ADE347BB1}.Release|x64.Build.0 = Release|Any CPU
		{D3E847E0-DBB4-49FE-AE60-3D1ADE347BB1}.Release|x86.ActiveCfg = Release|Any CPU
		{D3E847E0-DBB4-49FE-AE60-3D1ADE347BB1}.Release|x86.Build.0 = Release|Any CPU
		{1DF861E3-829D-4293-9C75-63005F6E2A21}.Ad-Hoc|Any CPU.ActiveCfg = Release|Any CPU
		{1DF861E3-829D-4293-9C75-63005F6E2A21}.Ad-Hoc|Any CPU.Build.0 = Release|Any CPU
		{1DF861E3-829D-4293-9C75-63005F6E2A21}.Ad-Hoc|ARM.ActiveCfg = Release|Any CPU
		{1DF861E3-829D-4293-9C75-63005F6E2A21}.Ad-Hoc|ARM.Build.0 = Release|Any CPU
		{1DF861E3-829D-4293-9C75-63005F6E2A21}.Ad-Hoc|iPhone.ActiveCfg = Release|Any CPU
		{1DF861E3-829D-4293-9C75-63005F6E2A21}.Ad-Hoc|iPhone.Build.0 = Release|Any CPU
		{1DF861E3-829D-4293-9C75-63005F6E2A21}.Ad-Hoc|iPhoneSimulator.ActiveCfg = Release|Any CPU
		{1DF861E3-829D-4293-9C75-63005F6E2A21}.Ad-Hoc|iPhoneSimulator.Build.0 = Release|Any CPU
		{1DF861E3-829D-4293-9C75-63005F6E2A21}.Ad-Hoc|x64.ActiveCfg = Release|Any CPU
		{1DF861E3-829D-4293-9C75-63005F6E2A21}.Ad-Hoc|x64.Build.0 = Release|Any CPU
		{1DF861E3-829D-4293-9C75-63005F6E2A21}.Ad-Hoc|x86.ActiveCfg = Release|Any CPU
		{1DF861E3-829D-4293-9C75-63005F6E2A21}.Ad-Hoc|x86.Build.0 = Release|Any CPU
		{1DF861E3-829D-4293-9C75-63005F6E2A21}.AppStore|Any CPU.ActiveCfg = Release|Any CPU
		{1DF861E3-829D-4293-9C75-63005F6E2A21}.AppStore|Any CPU.Build.0 = Release|Any CPU
		{1DF861E3-829D-4293-9C75-63005F6E2A21}.AppStore|ARM.ActiveCfg = Release|Any CPU
		{1DF861E3-829D-4293-9C75-63005F6E2A21}.AppStore|ARM.Build.0 = Release|Any CPU
		{1DF861E3-829D-4293-9C75-63005F6E2A21}.AppStore|iPhone.ActiveCfg = Release|Any CPU
		{1DF861E3-829D-4293-9C75-63005F6E2A21}.AppStore|iPhone.Build.0 = Release|Any CPU
		{1DF861E3-829D-4293-9C75-63005F6E2A21}.AppStore|iPhoneSimulator.ActiveCfg = Release|Any CPU
		{1DF861E3-829D-4293-9C75-63005F6E2A21}.AppStore|iPhoneSimulator.Build.0 = Release|Any CPU
		{1DF861E3-829D-4293-9C75-63005F6E2A21}.AppStore|x64.ActiveCfg = Release|Any CPU
		{1DF861E3-829D-4293-9C75-63005F6E2A21}.AppStore|x64.Build.0 = Release|Any CPU
		{1DF861E3-829D-4293-9C75-63005F6E2A21}.AppStore|x86.ActiveCfg = Release|Any CPU
		{1DF861E3-829D-4293-9C75-63005F6E2A21}.AppStore|x86.Build.0 = Release|Any CPU
		{1DF861E3-829D-4293-9C75-63005F6E2A21}.Debug|Any CPU.ActiveCfg = Debug|Any CPU
		{1DF861E3-829D-4293-9C75-63005F6E2A21}.Debug|Any CPU.Build.0 = Debug|Any CPU
		{1DF861E3-829D-4293-9C75-63005F6E2A21}.Debug|Any CPU.Deploy.0 = Debug|Any CPU
		{1DF861E3-829D-4293-9C75-63005F6E2A21}.Debug|ARM.ActiveCfg = Debug|Any CPU
		{1DF861E3-829D-4293-9C75-63005F6E2A21}.Debug|ARM.Build.0 = Debug|Any CPU
		{1DF861E3-829D-4293-9C75-63005F6E2A21}.Debug|iPhone.ActiveCfg = Debug|Any CPU
		{1DF861E3-829D-4293-9C75-63005F6E2A21}.Debug|iPhone.Build.0 = Debug|Any CPU
		{1DF861E3-829D-4293-9C75-63005F6E2A21}.Debug|iPhoneSimulator.ActiveCfg = Debug|Any CPU
		{1DF861E3-829D-4293-9C75-63005F6E2A21}.Debug|iPhoneSimulator.Build.0 = Debug|Any CPU
		{1DF861E3-829D-4293-9C75-63005F6E2A21}.Debug|x64.ActiveCfg = Debug|Any CPU
		{1DF861E3-829D-4293-9C75-63005F6E2A21}.Debug|x64.Build.0 = Debug|Any CPU
		{1DF861E3-829D-4293-9C75-63005F6E2A21}.Debug|x86.ActiveCfg = Debug|Any CPU
		{1DF861E3-829D-4293-9C75-63005F6E2A21}.Debug|x86.Build.0 = Debug|Any CPU
		{1DF861E3-829D-4293-9C75-63005F6E2A21}.Release|Any CPU.ActiveCfg = Release|Any CPU
		{1DF861E3-829D-4293-9C75-63005F6E2A21}.Release|Any CPU.Build.0 = Release|Any CPU
		{1DF861E3-829D-4293-9C75-63005F6E2A21}.Release|Any CPU.Deploy.0 = Release|Any CPU
		{1DF861E3-829D-4293-9C75-63005F6E2A21}.Release|ARM.ActiveCfg = Release|Any CPU
		{1DF861E3-829D-4293-9C75-63005F6E2A21}.Release|ARM.Build.0 = Release|Any CPU
		{1DF861E3-829D-4293-9C75-63005F6E2A21}.Release|iPhone.ActiveCfg = Release|Any CPU
		{1DF861E3-829D-4293-9C75-63005F6E2A21}.Release|iPhone.Build.0 = Release|Any CPU
		{1DF861E3-829D-4293-9C75-63005F6E2A21}.Release|iPhoneSimulator.ActiveCfg = Release|Any CPU
		{1DF861E3-829D-4293-9C75-63005F6E2A21}.Release|iPhoneSimulator.Build.0 = Release|Any CPU
		{1DF861E3-829D-4293-9C75-63005F6E2A21}.Release|x64.ActiveCfg = Release|Any CPU
		{1DF861E3-829D-4293-9C75-63005F6E2A21}.Release|x64.Build.0 = Release|Any CPU
		{1DF861E3-829D-4293-9C75-63005F6E2A21}.Release|x86.ActiveCfg = Release|Any CPU
		{1DF861E3-829D-4293-9C75-63005F6E2A21}.Release|x86.Build.0 = Release|Any CPU
		{A759CED1-C6AD-411B-9F21-2E1E582391B6}.Ad-Hoc|Any CPU.ActiveCfg = Ad-Hoc|iPhone
		{A759CED1-C6AD-411B-9F21-2E1E582391B6}.Ad-Hoc|ARM.ActiveCfg = Ad-Hoc|iPhone
		{A759CED1-C6AD-411B-9F21-2E1E582391B6}.Ad-Hoc|iPhone.ActiveCfg = Ad-Hoc|iPhone
		{A759CED1-C6AD-411B-9F21-2E1E582391B6}.Ad-Hoc|iPhone.Build.0 = Ad-Hoc|iPhone
		{A759CED1-C6AD-411B-9F21-2E1E582391B6}.Ad-Hoc|iPhoneSimulator.ActiveCfg = Ad-Hoc|iPhoneSimulator
		{A759CED1-C6AD-411B-9F21-2E1E582391B6}.Ad-Hoc|iPhoneSimulator.Build.0 = Ad-Hoc|iPhoneSimulator
		{A759CED1-C6AD-411B-9F21-2E1E582391B6}.Ad-Hoc|x64.ActiveCfg = Ad-Hoc|iPhone
		{A759CED1-C6AD-411B-9F21-2E1E582391B6}.Ad-Hoc|x86.ActiveCfg = Ad-Hoc|iPhone
		{A759CED1-C6AD-411B-9F21-2E1E582391B6}.AppStore|Any CPU.ActiveCfg = AppStore|iPhone
		{A759CED1-C6AD-411B-9F21-2E1E582391B6}.AppStore|ARM.ActiveCfg = AppStore|iPhone
		{A759CED1-C6AD-411B-9F21-2E1E582391B6}.AppStore|iPhone.ActiveCfg = AppStore|iPhone
		{A759CED1-C6AD-411B-9F21-2E1E582391B6}.AppStore|iPhone.Build.0 = AppStore|iPhone
		{A759CED1-C6AD-411B-9F21-2E1E582391B6}.AppStore|iPhoneSimulator.ActiveCfg = AppStore|iPhoneSimulator
		{A759CED1-C6AD-411B-9F21-2E1E582391B6}.AppStore|iPhoneSimulator.Build.0 = AppStore|iPhoneSimulator
		{A759CED1-C6AD-411B-9F21-2E1E582391B6}.AppStore|x64.ActiveCfg = AppStore|iPhone
		{A759CED1-C6AD-411B-9F21-2E1E582391B6}.AppStore|x86.ActiveCfg = AppStore|iPhone
		{A759CED1-C6AD-411B-9F21-2E1E582391B6}.Debug|Any CPU.ActiveCfg = Debug|iPhone
		{A759CED1-C6AD-411B-9F21-2E1E582391B6}.Debug|ARM.ActiveCfg = Debug|iPhone
		{A759CED1-C6AD-411B-9F21-2E1E582391B6}.Debug|iPhone.ActiveCfg = Debug|iPhone
		{A759CED1-C6AD-411B-9F21-2E1E582391B6}.Debug|iPhone.Build.0 = Debug|iPhone
		{A759CED1-C6AD-411B-9F21-2E1E582391B6}.Debug|iPhoneSimulator.ActiveCfg = Debug|iPhoneSimulator
		{A759CED1-C6AD-411B-9F21-2E1E582391B6}.Debug|iPhoneSimulator.Build.0 = Debug|iPhoneSimulator
		{A759CED1-C6AD-411B-9F21-2E1E582391B6}.Debug|x64.ActiveCfg = Debug|iPhone
		{A759CED1-C6AD-411B-9F21-2E1E582391B6}.Debug|x86.ActiveCfg = Debug|iPhone
		{A759CED1-C6AD-411B-9F21-2E1E582391B6}.Release|Any CPU.ActiveCfg = Release|iPhone
		{A759CED1-C6AD-411B-9F21-2E1E582391B6}.Release|ARM.ActiveCfg = Release|iPhone
		{A759CED1-C6AD-411B-9F21-2E1E582391B6}.Release|iPhone.ActiveCfg = Release|iPhone
		{A759CED1-C6AD-411B-9F21-2E1E582391B6}.Release|iPhone.Build.0 = Release|iPhone
		{A759CED1-C6AD-411B-9F21-2E1E582391B6}.Release|iPhoneSimulator.ActiveCfg = Release|iPhoneSimulator
		{A759CED1-C6AD-411B-9F21-2E1E582391B6}.Release|iPhoneSimulator.Build.0 = Release|iPhoneSimulator
		{A759CED1-C6AD-411B-9F21-2E1E582391B6}.Release|x64.ActiveCfg = Release|iPhone
		{A759CED1-C6AD-411B-9F21-2E1E582391B6}.Release|x86.ActiveCfg = Release|iPhone
		{4AD477D8-5DFE-43A8-8092-8F220177E6F6}.Ad-Hoc|Any CPU.ActiveCfg = Debug|Any CPU
		{4AD477D8-5DFE-43A8-8092-8F220177E6F6}.Ad-Hoc|Any CPU.Build.0 = Debug|Any CPU
		{4AD477D8-5DFE-43A8-8092-8F220177E6F6}.Ad-Hoc|ARM.ActiveCfg = Debug|Any CPU
		{4AD477D8-5DFE-43A8-8092-8F220177E6F6}.Ad-Hoc|ARM.Build.0 = Debug|Any CPU
		{4AD477D8-5DFE-43A8-8092-8F220177E6F6}.Ad-Hoc|iPhone.ActiveCfg = Debug|Any CPU
		{4AD477D8-5DFE-43A8-8092-8F220177E6F6}.Ad-Hoc|iPhone.Build.0 = Debug|Any CPU
		{4AD477D8-5DFE-43A8-8092-8F220177E6F6}.Ad-Hoc|iPhoneSimulator.ActiveCfg = Debug|Any CPU
		{4AD477D8-5DFE-43A8-8092-8F220177E6F6}.Ad-Hoc|iPhoneSimulator.Build.0 = Debug|Any CPU
		{4AD477D8-5DFE-43A8-8092-8F220177E6F6}.Ad-Hoc|x64.ActiveCfg = Debug|Any CPU
		{4AD477D8-5DFE-43A8-8092-8F220177E6F6}.Ad-Hoc|x64.Build.0 = Debug|Any CPU
		{4AD477D8-5DFE-43A8-8092-8F220177E6F6}.Ad-Hoc|x86.ActiveCfg = Debug|Any CPU
		{4AD477D8-5DFE-43A8-8092-8F220177E6F6}.Ad-Hoc|x86.Build.0 = Debug|Any CPU
		{4AD477D8-5DFE-43A8-8092-8F220177E6F6}.AppStore|Any CPU.ActiveCfg = Debug|Any CPU
		{4AD477D8-5DFE-43A8-8092-8F220177E6F6}.AppStore|Any CPU.Build.0 = Debug|Any CPU
		{4AD477D8-5DFE-43A8-8092-8F220177E6F6}.AppStore|ARM.ActiveCfg = Debug|Any CPU
		{4AD477D8-5DFE-43A8-8092-8F220177E6F6}.AppStore|ARM.Build.0 = Debug|Any CPU
		{4AD477D8-5DFE-43A8-8092-8F220177E6F6}.AppStore|iPhone.ActiveCfg = Debug|Any CPU
		{4AD477D8-5DFE-43A8-8092-8F220177E6F6}.AppStore|iPhone.Build.0 = Debug|Any CPU
		{4AD477D8-5DFE-43A8-8092-8F220177E6F6}.AppStore|iPhoneSimulator.ActiveCfg = Debug|Any CPU
		{4AD477D8-5DFE-43A8-8092-8F220177E6F6}.AppStore|iPhoneSimulator.Build.0 = Debug|Any CPU
		{4AD477D8-5DFE-43A8-8092-8F220177E6F6}.AppStore|x64.ActiveCfg = Debug|Any CPU
		{4AD477D8-5DFE-43A8-8092-8F220177E6F6}.AppStore|x64.Build.0 = Debug|Any CPU
		{4AD477D8-5DFE-43A8-8092-8F220177E6F6}.AppStore|x86.ActiveCfg = Debug|Any CPU
		{4AD477D8-5DFE-43A8-8092-8F220177E6F6}.AppStore|x86.Build.0 = Debug|Any CPU
		{4AD477D8-5DFE-43A8-8092-8F220177E6F6}.Debug|Any CPU.ActiveCfg = Debug|Any CPU
		{4AD477D8-5DFE-43A8-8092-8F220177E6F6}.Debug|Any CPU.Build.0 = Debug|Any CPU
		{4AD477D8-5DFE-43A8-8092-8F220177E6F6}.Debug|ARM.ActiveCfg = Debug|Any CPU
		{4AD477D8-5DFE-43A8-8092-8F220177E6F6}.Debug|ARM.Build.0 = Debug|Any CPU
		{4AD477D8-5DFE-43A8-8092-8F220177E6F6}.Debug|iPhone.ActiveCfg = Debug|Any CPU
		{4AD477D8-5DFE-43A8-8092-8F220177E6F6}.Debug|iPhone.Build.0 = Debug|Any CPU
		{4AD477D8-5DFE-43A8-8092-8F220177E6F6}.Debug|iPhoneSimulator.ActiveCfg = Debug|Any CPU
		{4AD477D8-5DFE-43A8-8092-8F220177E6F6}.Debug|iPhoneSimulator.Build.0 = Debug|Any CPU
		{4AD477D8-5DFE-43A8-8092-8F220177E6F6}.Debug|x64.ActiveCfg = Debug|Any CPU
		{4AD477D8-5DFE-43A8-8092-8F220177E6F6}.Debug|x64.Build.0 = Debug|Any CPU
		{4AD477D8-5DFE-43A8-8092-8F220177E6F6}.Debug|x86.ActiveCfg = Debug|Any CPU
		{4AD477D8-5DFE-43A8-8092-8F220177E6F6}.Debug|x86.Build.0 = Debug|Any CPU
		{4AD477D8-5DFE-43A8-8092-8F220177E6F6}.Release|Any CPU.ActiveCfg = Release|Any CPU
		{4AD477D8-5DFE-43A8-8092-8F220177E6F6}.Release|Any CPU.Build.0 = Release|Any CPU
		{4AD477D8-5DFE-43A8-8092-8F220177E6F6}.Release|ARM.ActiveCfg = Release|Any CPU
		{4AD477D8-5DFE-43A8-8092-8F220177E6F6}.Release|ARM.Build.0 = Release|Any CPU
		{4AD477D8-5DFE-43A8-8092-8F220177E6F6}.Release|iPhone.ActiveCfg = Release|Any CPU
		{4AD477D8-5DFE-43A8-8092-8F220177E6F6}.Release|iPhone.Build.0 = Release|Any CPU
		{4AD477D8-5DFE-43A8-8092-8F220177E6F6}.Release|iPhoneSimulator.ActiveCfg = Release|Any CPU
		{4AD477D8-5DFE-43A8-8092-8F220177E6F6}.Release|iPhoneSimulator.Build.0 = Release|Any CPU
		{4AD477D8-5DFE-43A8-8092-8F220177E6F6}.Release|x64.ActiveCfg = Release|Any CPU
		{4AD477D8-5DFE-43A8-8092-8F220177E6F6}.Release|x64.Build.0 = Release|Any CPU
		{4AD477D8-5DFE-43A8-8092-8F220177E6F6}.Release|x86.ActiveCfg = Release|Any CPU
		{4AD477D8-5DFE-43A8-8092-8F220177E6F6}.Release|x86.Build.0 = Release|Any CPU
	EndGlobalSection
	GlobalSection(SolutionProperties) = preSolution
		HideSolutionNode = FALSE
	EndGlobalSection
	GlobalSection(ExtensibilityGlobals) = postSolution
		SolutionGuid = {F6D05029-56B8-4E45-AF2D-0E76295DDBA2}
	EndGlobalSection
EndGlobal
